<?xml version="1.0" encoding="utf-8"?>
<Project ToolsVersion="4.0" xmlns="http://schemas.microsoft.com/developer/msbuild/2003">
  <ItemGroup>
    <Filter Include="Source Files">
      <UniqueIdentifier>{e4ea9e42-2323-4e49-a2df-fd91ac43abac}</UniqueIdentifier>
      <Extensions>cpp;c;cxx;rc;def;r;odl;idl;hpj;bat</Extensions>
    </Filter>
    <Filter Include="Header Files">
      <UniqueIdentifier>{0ffd3aba-1f98-45dc-bba6-d5a30c89d591}</UniqueIdentifier>
      <Extensions>h;hpp;hxx;hm;inl</Extensions>
    </Filter>
    <Filter Include="Include">
      <UniqueIdentifier>{23a72118-c13b-4fb0-ad55-5ad5ddd772ea}</UniqueIdentifier>
    </Filter>
  </ItemGroup>
  <ItemGroup>
    <ClCompile Include="MLB_Interface.cpp">
      <Filter>Source Files</Filter>
    </ClCompile>
    <ClCompile Include="gw_multi_regression.cpp">
      <Filter>Source Files</Filter>
    </ClCompile>
    <ClCompile Include="gw_multi_regression_grid.cpp">
      <Filter>Source Files</Filter>
    </ClCompile>
    <ClCompile Include="gw_regression.cpp">
      <Filter>Source Files</Filter>
    </ClCompile>
    <ClCompile Include="gw_regression_grid.cpp">
      <Filter>Source Files</Filter>
    </ClCompile>
    <ClCompile Include="point_grid_regression.cpp">
      <Filter>Source Files</Filter>
    </ClCompile>
    <ClCompile Include="point_multi_grid_regression.cpp">
      <Filter>Source Files</Filter>
    </ClCompile>
    <ClCompile Include="point_trend_surface.cpp">
      <Filter>Source Files</Filter>
    </ClCompile>
    <ClCompile Include="gw_multi_regression_points.cpp">
      <Filter>Source Files</Filter>
    </ClCompile>
    <ClCompile Include="grid_multi_grid_regression.cpp">
      <Filter>Source Files</Filter>
    </ClCompile>
    <ClCompile Include="grids_trend_polynom.cpp">
      <Filter>Source Files</Filter>
    </ClCompile>
    <ClCompile Include="table_trend.cpp">
      <Filter>Source Files</Filter>
    </ClCompile>
    <ClCompile Include="table_regression_multiple.cpp">
      <Filter>Source Files</Filter>
    </ClCompile>
    <ClCompile Include="gwr_grid_downscaling.cpp">
      <Filter>Source Files</Filter>
    </ClCompile>
    <ClCompile Include="point_zonal_multi_grid_regression.cpp">
      <Filter>Source Files</Filter>
    </ClCompile>
  </ItemGroup>
  <ItemGroup>
    <ClInclude Include="MLB_Interface.h">
      <Filter>Header Files</Filter>
    </ClInclude>
    <ClInclude Include="..\..\..\saga_core\saga_api\api_core.h">
      <Filter>Include</Filter>
    </ClInclude>
    <ClInclude Include="..\..\..\saga_core\saga_api\dataobject.h">
      <Filter>Include</Filter>
    </ClInclude>
    <ClInclude Include="..\..\..\saga_core\saga_api\geo_tools.h">
      <Filter>Include</Filter>
    </ClInclude>
    <ClInclude Include="..\..\..\saga_core\saga_api\grid.h">
      <Filter>Include</Filter>
    </ClInclude>
    <ClInclude Include="..\..\..\saga_core\saga_api\mat_tools.h">
      <Filter>Include</Filter>
    </ClInclude>
    <ClInclude Include="..\..\..\saga_core\saga_api\module.h">
      <Filter>Include</Filter>
    </ClInclude>
    <ClInclude Include="..\..\..\saga_core\saga_api\parameters.h">
      <Filter>Include</Filter>
    </ClInclude>
    <ClInclude Include="..\..\..\saga_core\saga_api\saga_api.h">
      <Filter>Include</Filter>
    </ClInclude>
    <ClInclude Include="..\..\..\saga_core\saga_api\shapes.h">
      <Filter>Include</Filter>
    </ClInclude>
    <ClInclude Include="..\..\..\saga_core\saga_api\table.h">
      <Filter>Include</Filter>
    </ClInclude>
    <ClInclude Include="..\..\..\saga_core\saga_api\tin.h">
      <Filter>Include</Filter>
    </ClInclude>
    <ClInclude Include="..\..\..\saga_core\saga_api\grid_pyramid.h">
      <Filter>Include</Filter>
    </ClInclude>
    <ClInclude Include="..\..\..\saga_core\saga_api\metadata.h">
      <Filter>Include</Filter>
    </ClInclude>
    <ClInclude Include="..\..\..\saga_core\saga_api\module_library.h">
      <Filter>Include</Filter>
    </ClInclude>
    <ClInclude Include="..\..\..\saga_core\saga_api\pointcloud.h">
      <Filter>Include</Filter>
    </ClInclude>
    <ClInclude Include="..\..\..\saga_core\saga_api\table_dbase.h">
      <Filter>Include</Filter>
    </ClInclude>
    <ClInclude Include="..\..\..\saga_core\saga_api\table_value.h">
      <Filter>Include</Filter>
    </ClInclude>
    <ClInclude Include="gw_multi_regression.h">
      <Filter>Header Files</Filter>
    </ClInclude>
    <ClInclude Include="gw_multi_regression_grid.h">
      <Filter>Header Files</Filter>
    </ClInclude>
    <ClInclude Include="gw_regression.h">
      <Filter>Header Files</Filter>
    </ClInclude>
    <ClInclude Include="gw_regression_grid.h">
      <Filter>Header Files</Filter>
    </ClInclude>
    <ClInclude Include="point_grid_regression.h">
      <Filter>Header Files</Filter>
    </ClInclude>
    <ClInclude Include="point_multi_grid_regression.h">
      <Filter>Header Files</Filter>
    </ClInclude>
    <ClInclude Include="point_trend_surface.h">
      <Filter>Header Files</Filter>
    </ClInclude>
    <ClInclude Include="gw_multi_regression_points.h">
      <Filter>Header Files</Filter>
    </ClInclude>
    <ClInclude Include="grid_multi_grid_regression.h">
      <Filter>Header Files</Filter>
    </ClInclude>
    <ClInclude Include="grids_trend_polynom.h">
      <Filter>Header Files</Filter>
    </ClInclude>
    <ClInclude Include="table_trend.h">
      <Filter>Header Files</Filter>
    </ClInclude>
    <ClInclude Include="table_regression_multiple.h">
      <Filter>Header Files</Filter>
    </ClInclude>
    <ClInclude Include="gwr_grid_downscaling.h">
      <Filter>Header Files</Filter>
    </ClInclude>
    <ClInclude Include="point_zonal_multi_grid_regression.h">
      <Filter>Header Files</Filter>
    </ClInclude>
  </ItemGroup>
</Project>