
Microsoft Visual Studio Solution File, Format Version 9.00
# Visual C++ Express 2005
Project("{8BC9CEB8-8B4A-11D0-8D11-00A0C91BC942}") = "pj_georeference", "pj_georeference\pj_georeference\pj_georeference.vcproj", "{AA7138B6-B3B1-437A-8960-A6F15ED335B3}"
EndProject
Project("{8BC9CEB8-8B4A-11D0-8D11-00A0C91BC942}") = "pj_geotrans", "pj_geotrans\pj_geotrans\pj_geotrans.vcproj", "{15DF878B-B2C4-4278-B83B-9F8EF6E09A4A}"
EndProject
Project("{8BC9CEB8-8B4A-11D0-8D11-00A0C91BC942}") = "pj_proj4", "pj_proj4\pj_proj4\pj_proj4.vcproj", "{66B59296-789E-48DE-A1F8-C825A74677E3}"
EndProject
Global
	GlobalSection(SolutionConfigurationPlatforms) = preSolution
		Debug|Win32 = Debug|Win32
		Release|Win32 = Release|Win32
	EndGlobalSection
	GlobalSection(ProjectConfigurationPlatforms) = postSolution
		{AA7138B6-B3B1-437A-8960-A6F15ED335B3}.Debug|Win32.ActiveCfg = Debug|Win32
		{AA7138B6-B3B1-437A-8960-A6F15ED335B3}.Debug|Win32.Build.0 = Debug|Win32
		{AA7138B6-B3B1-437A-8960-A6F15ED335B3}.Release|Win32.ActiveCfg = Release|Win32
		{AA7138B6-B3B1-437A-8960-A6F15ED335B3}.Release|Win32.Build.0 = Release|Win32
		{15DF878B-B2C4-4278-B83B-9F8EF6E09A4A}.Debug|Win32.ActiveCfg = Debug|Win32
		{15DF878B-B2C4-4278-B83B-9F8EF6E09A4A}.Debug|Win32.Build.0 = Debug|Win32
		{15DF878B-B2C4-4278-B83B-9F8EF6E09A4A}.Release|Win32.ActiveCfg = Release|Win32
		{15DF878B-B2C4-4278-B83B-9F8EF6E09A4A}.Release|Win32.Build.0 = Release|Win32
		{66B59296-789E-48DE-A1F8-C825A74677E3}.Debug|Win32.ActiveCfg = Debug|Win32
		{66B59296-789E-48DE-A1F8-C825A74677E3}.Debug|Win32.Build.0 = Debug|Win32
		{66B59296-789E-48DE-A1F8-C825A74677E3}.Release|Win32.ActiveCfg = Release|Win32
		{66B59296-789E-48DE-A1F8-C825A74677E3}.Release|Win32.Build.0 = Release|Win32
	EndGlobalSection
	GlobalSection(SolutionProperties) = preSolution
		HideSolutionNode = FALSE
	EndGlobalSection
EndGlobal
