<?xml version="1.0" encoding="utf-8"?>
<Project ToolsVersion="4.0" xmlns="http://schemas.microsoft.com/developer/msbuild/2003">
  <ItemGroup>
    <Filter Include="Source Files">
      <UniqueIdentifier>{8a466aa9-2aa2-48fa-8ecb-1e4b8e5a91e9}</UniqueIdentifier>
      <Extensions>cpp;c;cxx;rc;def;r;odl;idl;hpj;bat</Extensions>
    </Filter>
    <Filter Include="Header Files">
      <UniqueIdentifier>{1ca34088-b3c1-45e9-9b2c-c61440cd25f1}</UniqueIdentifier>
      <Extensions>h;hpp;hxx;hm;inl</Extensions>
    </Filter>
  </ItemGroup>
  <ItemGroup>
    <ClCompile Include="api_callback.cpp">
      <Filter>Source Files</Filter>
    </ClCompile>
    <ClCompile Include="api_colors.cpp">
      <Filter>Source Files</Filter>
    </ClCompile>
    <ClCompile Include="api_core.cpp">
      <Filter>Source Files</Filter>
    </ClCompile>
    <ClCompile Include="api_file.cpp">
      <Filter>Source Files</Filter>
    </ClCompile>
    <ClCompile Include="api_memory.cpp">
      <Filter>Source Files</Filter>
    </ClCompile>
    <ClCompile Include="api_string.cpp">
      <Filter>Source Files</Filter>
    </ClCompile>
    <ClCompile Include="api_translator.cpp">
      <Filter>Source Files</Filter>
    </ClCompile>
    <ClCompile Include="dataobject.cpp">
      <Filter>Source Files</Filter>
    </ClCompile>
    <ClCompile Include="geo_classes.cpp">
      <Filter>Source Files</Filter>
    </ClCompile>
    <ClCompile Include="geo_functions.cpp">
      <Filter>Source Files</Filter>
    </ClCompile>
    <ClCompile Include="grid.cpp">
      <Filter>Source Files</Filter>
    </ClCompile>
    <ClCompile Include="grid_io.cpp">
      <Filter>Source Files</Filter>
    </ClCompile>
    <ClCompile Include="grid_memory.cpp">
      <Filter>Source Files</Filter>
    </ClCompile>
    <ClCompile Include="grid_operation.cpp">
      <Filter>Source Files</Filter>
    </ClCompile>
    <ClCompile Include="grid_pyramid.cpp">
      <Filter>Source Files</Filter>
    </ClCompile>
    <ClCompile Include="grid_system.cpp">
      <Filter>Source Files</Filter>
    </ClCompile>
    <ClCompile Include="mat_formula.cpp">
      <Filter>Source Files</Filter>
    </ClCompile>
    <ClCompile Include="mat_grid_radius.cpp">
      <Filter>Source Files</Filter>
    </ClCompile>
    <ClCompile Include="mat_indexing.cpp">
      <Filter>Source Files</Filter>
    </ClCompile>
    <ClCompile Include="mat_matrix.cpp">
      <Filter>Source Files</Filter>
    </ClCompile>
    <ClCompile Include="mat_regression.cpp">
      <Filter>Source Files</Filter>
    </ClCompile>
    <ClCompile Include="mat_regression_multiple.cpp">
      <Filter>Source Files</Filter>
    </ClCompile>
    <ClCompile Include="mat_spline.cpp">
      <Filter>Source Files</Filter>
    </ClCompile>
    <ClCompile Include="mat_tools.cpp">
      <Filter>Source Files</Filter>
    </ClCompile>
    <ClCompile Include="mat_trend.cpp">
      <Filter>Source Files</Filter>
    </ClCompile>
    <ClCompile Include="metadata.cpp">
      <Filter>Source Files</Filter>
    </ClCompile>
    <ClCompile Include="module.cpp">
      <Filter>Source Files</Filter>
    </ClCompile>
    <ClCompile Include="module_grid.cpp">
      <Filter>Source Files</Filter>
    </ClCompile>
    <ClCompile Include="module_grid_interactive.cpp">
      <Filter>Source Files</Filter>
    </ClCompile>
    <ClCompile Include="module_interactive.cpp">
      <Filter>Source Files</Filter>
    </ClCompile>
    <ClCompile Include="module_interactive_base.cpp">
      <Filter>Source Files</Filter>
    </ClCompile>
    <ClCompile Include="module_library.cpp">
      <Filter>Source Files</Filter>
    </ClCompile>
    <ClCompile Include="module_library_interface.cpp">
      <Filter>Source Files</Filter>
    </ClCompile>
    <ClCompile Include="parameter.cpp">
      <Filter>Source Files</Filter>
    </ClCompile>
    <ClCompile Include="parameter_data.cpp">
      <Filter>Source Files</Filter>
    </ClCompile>
    <ClCompile Include="parameters.cpp">
      <Filter>Source Files</Filter>
    </ClCompile>
    <ClCompile Include="pointcloud.cpp">
      <Filter>Source Files</Filter>
    </ClCompile>
    <ClCompile Include="projections.cpp">
      <Filter>Source Files</Filter>
    </ClCompile>
    <ClCompile Include="quadtree.cpp">
      <Filter>Source Files</Filter>
    </ClCompile>
    <ClCompile Include="saga_api.cpp">
      <Filter>Source Files</Filter>
    </ClCompile>
    <ClCompile Include="shape.cpp">
      <Filter>Source Files</Filter>
    </ClCompile>
    <ClCompile Include="shape_line.cpp">
      <Filter>Source Files</Filter>
    </ClCompile>
    <ClCompile Include="shape_part.cpp">
      <Filter>Source Files</Filter>
    </ClCompile>
    <ClCompile Include="shape_point.cpp">
      <Filter>Source Files</Filter>
    </ClCompile>
    <ClCompile Include="shape_points.cpp">
      <Filter>Source Files</Filter>
    </ClCompile>
    <ClCompile Include="shape_polygon.cpp">
      <Filter>Source Files</Filter>
    </ClCompile>
    <ClCompile Include="shapes.cpp">
      <Filter>Source Files</Filter>
    </ClCompile>
    <ClCompile Include="shapes_io.cpp">
      <Filter>Source Files</Filter>
    </ClCompile>
    <ClCompile Include="shapes_ogis.cpp">
      <Filter>Source Files</Filter>
    </ClCompile>
    <ClCompile Include="shapes_search.cpp">
      <Filter>Source Files</Filter>
    </ClCompile>
    <ClCompile Include="shapes_selection.cpp">
      <Filter>Source Files</Filter>
    </ClCompile>
    <ClCompile Include="table.cpp">
      <Filter>Source Files</Filter>
    </ClCompile>
    <ClCompile Include="table_dbase.cpp">
      <Filter>Source Files</Filter>
    </ClCompile>
    <ClCompile Include="table_io.cpp">
      <Filter>Source Files</Filter>
    </ClCompile>
    <ClCompile Include="table_record.cpp">
      <Filter>Source Files</Filter>
    </ClCompile>
    <ClCompile Include="table_selection.cpp">
      <Filter>Source Files</Filter>
    </ClCompile>
    <ClCompile Include="tin.cpp">
      <Filter>Source Files</Filter>
    </ClCompile>
    <ClCompile Include="tin_elements.cpp">
      <Filter>Source Files</Filter>
    </ClCompile>
    <ClCompile Include="tin_triangulation.cpp">
      <Filter>Source Files</Filter>
    </ClCompile>
    <ClCompile Include="clipper.cpp">
      <Filter>Source Files</Filter>
    </ClCompile>
    <ClCompile Include="shapes_polygons.cpp">
      <Filter>Source Files</Filter>
    </ClCompile>
    <ClCompile Include="data_manager.cpp">
      <Filter>Source Files</Filter>
    </ClCompile>
  </ItemGroup>
  <ItemGroup>
    <ClInclude Include="API_Core.h">
      <Filter>Header Files</Filter>
    </ClInclude>
    <ClInclude Include="DataObject.h">
      <Filter>Header Files</Filter>
    </ClInclude>
    <ClInclude Include="GEO_Tools.h">
      <Filter>Header Files</Filter>
    </ClInclude>
    <ClInclude Include="Grid.h">
      <Filter>Header Files</Filter>
    </ClInclude>
    <ClInclude Include="grid_pyramid.h">
      <Filter>Header Files</Filter>
    </ClInclude>
    <ClInclude Include="MAT_Tools.h">
      <Filter>Header Files</Filter>
    </ClInclude>
    <ClInclude Include="metadata.h">
      <Filter>Header Files</Filter>
    </ClInclude>
    <ClInclude Include="Module.h">
      <Filter>Header Files</Filter>
    </ClInclude>
    <ClInclude Include="module_library.h">
      <Filter>Header Files</Filter>
    </ClInclude>
    <ClInclude Include="Parameters.h">
      <Filter>Header Files</Filter>
    </ClInclude>
    <ClInclude Include="pointcloud.h">
      <Filter>Header Files</Filter>
    </ClInclude>
    <ClInclude Include="saga_api.h">
      <Filter>Header Files</Filter>
    </ClInclude>
    <ClInclude Include="Shapes.h">
      <Filter>Header Files</Filter>
    </ClInclude>
    <ClInclude Include="Table.h">
      <Filter>Header Files</Filter>
    </ClInclude>
    <ClInclude Include="table_dbase.h">
      <Filter>Header Files</Filter>
    </ClInclude>
    <ClInclude Include="table_value.h">
      <Filter>Header Files</Filter>
    </ClInclude>
    <ClInclude Include="TIN.h">
      <Filter>Header Files</Filter>
    </ClInclude>
    <ClInclude Include="clipper.hpp">
      <Filter>Header Files</Filter>
    </ClInclude>
    <ClInclude Include="data_manager.h">
      <Filter>Header Files</Filter>
    </ClInclude>
  </ItemGroup>
</Project>