<?xml version="1.0" encoding="utf-8"?>
<Project ToolsVersion="4.0" xmlns="http://schemas.microsoft.com/developer/msbuild/2003">
  <ItemGroup>
    <Filter Include="Source Files">
      <UniqueIdentifier>{e4ea9e42-2323-4e49-a2df-fd91ac43abac}</UniqueIdentifier>
      <Extensions>cpp;c;cxx;rc;def;r;odl;idl;hpj;bat</Extensions>
    </Filter>
    <Filter Include="Header Files">
      <UniqueIdentifier>{0ffd3aba-1f98-45dc-bba6-d5a30c89d591}</UniqueIdentifier>
      <Extensions>h;hpp;hxx;hm;inl</Extensions>
    </Filter>
    <Filter Include="Include">
      <UniqueIdentifier>{23a72118-c13b-4fb0-ad55-5ad5ddd772ea}</UniqueIdentifier>
    </Filter>
  </ItemGroup>
  <ItemGroup>
    <ClInclude Include="..\..\..\saga_core\saga_api\api_core.h">
      <Filter>Include</Filter>
    </ClInclude>
    <ClInclude Include="..\..\..\saga_core\saga_api\dataobject.h">
      <Filter>Include</Filter>
    </ClInclude>
    <ClInclude Include="..\..\..\saga_core\saga_api\geo_tools.h">
      <Filter>Include</Filter>
    </ClInclude>
    <ClInclude Include="..\..\..\saga_core\saga_api\grid.h">
      <Filter>Include</Filter>
    </ClInclude>
    <ClInclude Include="..\..\..\saga_core\saga_api\mat_tools.h">
      <Filter>Include</Filter>
    </ClInclude>
    <ClInclude Include="..\..\..\saga_core\saga_api\tool.h">
      <Filter>Include</Filter>
    </ClInclude>
    <ClInclude Include="..\..\..\saga_core\saga_api\parameters.h">
      <Filter>Include</Filter>
    </ClInclude>
    <ClInclude Include="..\..\..\saga_core\saga_api\saga_api.h">
      <Filter>Include</Filter>
    </ClInclude>
    <ClInclude Include="..\..\..\saga_core\saga_api\shapes.h">
      <Filter>Include</Filter>
    </ClInclude>
    <ClInclude Include="..\..\..\saga_core\saga_api\table.h">
      <Filter>Include</Filter>
    </ClInclude>
    <ClInclude Include="..\..\..\saga_core\saga_api\tin.h">
      <Filter>Include</Filter>
    </ClInclude>
    <ClInclude Include="..\..\..\saga_core\saga_api\grid_pyramid.h">
      <Filter>Include</Filter>
    </ClInclude>
    <ClInclude Include="..\..\..\saga_core\saga_api\metadata.h">
      <Filter>Include</Filter>
    </ClInclude>
    <ClInclude Include="..\..\..\saga_core\saga_api\tool_library.h">
      <Filter>Include</Filter>
    </ClInclude>
    <ClInclude Include="..\..\..\saga_core\saga_api\pointcloud.h">
      <Filter>Include</Filter>
    </ClInclude>
    <ClInclude Include="..\..\..\saga_core\saga_api\table_dbase.h">
      <Filter>Include</Filter>
    </ClInclude>
    <ClInclude Include="..\..\..\saga_core\saga_api\table_value.h">
      <Filter>Include</Filter>
    </ClInclude>
    <ClInclude Include="CliffMetrics_tool.h">
      <Filter>Header Files</Filter>
    </ClInclude>
    <ClInclude Include="CliffMetrics\2d_point.h">
      <Filter>Header Files</Filter>
    </ClInclude>
    <ClInclude Include="CliffMetrics\2d_shape.h">
      <Filter>Header Files</Filter>
    </ClInclude>
    <ClInclude Include="CliffMetrics\2di_point.h">
      <Filter>Header Files</Filter>
    </ClInclude>
    <ClInclude Include="CliffMetrics\2di_shape.h">
      <Filter>Header Files</Filter>
    </ClInclude>
    <ClInclude Include="CliffMetrics\cell.h">
      <Filter>Header Files</Filter>
    </ClInclude>
    <ClInclude Include="CliffMetrics\cell_landform.h">
      <Filter>Header Files</Filter>
    </ClInclude>
    <ClInclude Include="CliffMetrics\cliffmetrics.h">
      <Filter>Header Files</Filter>
    </ClInclude>
    <ClInclude Include="CliffMetrics\coast.h">
      <Filter>Header Files</Filter>
    </ClInclude>
    <ClInclude Include="CliffMetrics\coast_landform.h">
      <Filter>Header Files</Filter>
    </ClInclude>
    <ClInclude Include="CliffMetrics\coast_polygon.h">
      <Filter>Header Files</Filter>
    </ClInclude>
    <ClInclude Include="CliffMetrics\delineation.h">
      <Filter>Header Files</Filter>
    </ClInclude>
    <ClInclude Include="CliffMetrics\hermite_cubic.h">
      <Filter>Header Files</Filter>
    </ClInclude>
    <ClInclude Include="CliffMetrics\i_line.h">
      <Filter>Header Files</Filter>
    </ClInclude>
    <ClInclude Include="CliffMetrics\line.h">
      <Filter>Header Files</Filter>
    </ClInclude>
    <ClInclude Include="CliffMetrics\multi_line.h">
      <Filter>Header Files</Filter>
    </ClInclude>
    <ClInclude Include="CliffMetrics\profile.h">
      <Filter>Header Files</Filter>
    </ClInclude>
    <ClInclude Include="CliffMetrics\raster_grid.h">
      <Filter>Header Files</Filter>
    </ClInclude>
  </ItemGroup>
  <ItemGroup>
    <ClCompile Include="CliffMetrics_tool.cpp">
      <Filter>Source Files</Filter>
    </ClCompile>
    <ClCompile Include="TLB_Interface.cpp">
      <Filter>Source Files</Filter>
    </ClCompile>
    <ClCompile Include="CliffMetrics\2d_point.cpp">
      <Filter>Source Files</Filter>
    </ClCompile>
    <ClCompile Include="CliffMetrics\2d_shape.cpp">
      <Filter>Source Files</Filter>
    </ClCompile>
    <ClCompile Include="CliffMetrics\2di_point.cpp">
      <Filter>Source Files</Filter>
    </ClCompile>
    <ClCompile Include="CliffMetrics\2di_shape.cpp">
      <Filter>Source Files</Filter>
    </ClCompile>
    <ClCompile Include="CliffMetrics\calc_curvature.cpp">
      <Filter>Source Files</Filter>
    </ClCompile>
    <ClCompile Include="CliffMetrics\cell.cpp">
      <Filter>Source Files</Filter>
    </ClCompile>
    <ClCompile Include="CliffMetrics\cell_landform.cpp">
      <Filter>Source Files</Filter>
    </ClCompile>
    <ClCompile Include="CliffMetrics\coast.cpp">
      <Filter>Source Files</Filter>
    </ClCompile>
    <ClCompile Include="CliffMetrics\coast_landform.cpp">
      <Filter>Source Files</Filter>
    </ClCompile>
    <ClCompile Include="CliffMetrics\coast_polygon.cpp">
      <Filter>Source Files</Filter>
    </ClCompile>
    <ClCompile Include="CliffMetrics\create_profiles.cpp">
      <Filter>Source Files</Filter>
    </ClCompile>
    <ClCompile Include="CliffMetrics\delineation.cpp">
      <Filter>Source Files</Filter>
    </ClCompile>
    <ClCompile Include="CliffMetrics\gis_raster.cpp">
      <Filter>Source Files</Filter>
    </ClCompile>
    <ClCompile Include="CliffMetrics\gis_utils.cpp">
      <Filter>Source Files</Filter>
    </ClCompile>
    <ClCompile Include="CliffMetrics\gis_vector.cpp">
      <Filter>Source Files</Filter>
    </ClCompile>
    <ClCompile Include="CliffMetrics\hermite_cubic.cpp">
      <Filter>Source Files</Filter>
    </ClCompile>
    <ClCompile Include="CliffMetrics\i_line.cpp">
      <Filter>Source Files</Filter>
    </ClCompile>
    <ClCompile Include="CliffMetrics\init_grid.cpp">
      <Filter>Source Files</Filter>
    </ClCompile>
    <ClCompile Include="CliffMetrics\line.cpp">
      <Filter>Source Files</Filter>
    </ClCompile>
    <ClCompile Include="CliffMetrics\locate_clifftop.cpp">
      <Filter>Source Files</Filter>
    </ClCompile>
    <ClCompile Include="CliffMetrics\locate_coast.cpp">
      <Filter>Source Files</Filter>
    </ClCompile>
    <ClCompile Include="CliffMetrics\multi_line.cpp">
      <Filter>Source Files</Filter>
    </ClCompile>
    <ClCompile Include="CliffMetrics\profile.cpp">
      <Filter>Source Files</Filter>
    </ClCompile>
    <ClCompile Include="CliffMetrics\random_numbers.cpp">
      <Filter>Source Files</Filter>
    </ClCompile>
    <ClCompile Include="CliffMetrics\raster_grid.cpp">
      <Filter>Source Files</Filter>
    </ClCompile>
    <ClCompile Include="CliffMetrics\read_input.cpp">
      <Filter>Source Files</Filter>
    </ClCompile>
    <ClCompile Include="CliffMetrics\smooth_grid.cpp">
      <Filter>Source Files</Filter>
    </ClCompile>
    <ClCompile Include="CliffMetrics\smooth_line.cpp">
      <Filter>Source Files</Filter>
    </ClCompile>
    <ClCompile Include="CliffMetrics\utils.cpp">
      <Filter>Source Files</Filter>
    </ClCompile>
    <ClCompile Include="CliffMetrics\utils_global.cpp">
      <Filter>Source Files</Filter>
    </ClCompile>
    <ClCompile Include="CliffMetrics\write_output.cpp">
      <Filter>Source Files</Filter>
    </ClCompile>
  </ItemGroup>
</Project>