<?xml version="1.0" encoding="utf-8"?>
<Project ToolsVersion="4.0" xmlns="http://schemas.microsoft.com/developer/msbuild/2003">
  <ItemGroup>
    <Filter Include="Source Files">
      <UniqueIdentifier>{e4ea9e42-2323-4e49-a2df-fd91ac43abac}</UniqueIdentifier>
      <Extensions>cpp;c;cxx;rc;def;r;odl;idl;hpj;bat</Extensions>
    </Filter>
    <Filter Include="Header Files">
      <UniqueIdentifier>{0ffd3aba-1f98-45dc-bba6-d5a30c89d591}</UniqueIdentifier>
      <Extensions>h;hpp;hxx;hm;inl</Extensions>
    </Filter>
    <Filter Include="Include">
      <UniqueIdentifier>{23a72118-c13b-4fb0-ad55-5ad5ddd772ea}</UniqueIdentifier>
    </Filter>
  </ItemGroup>
  <ItemGroup>
    <ClCompile Include="Cost_Anisotropic.cpp">
      <Filter>Source Files</Filter>
    </ClCompile>
    <ClCompile Include="Cost_Isotropic.cpp">
      <Filter>Source Files</Filter>
    </ClCompile>
    <ClCompile Include="CoveredDistance.cpp">
      <Filter>Source Files</Filter>
    </ClCompile>
    <ClCompile Include="CrossClassification.cpp">
      <Filter>Source Files</Filter>
    </ClCompile>
    <ClCompile Include="fragmentation_base.cpp">
      <Filter>Source Files</Filter>
    </ClCompile>
    <ClCompile Include="fragmentation_classify.cpp">
      <Filter>Source Files</Filter>
    </ClCompile>
    <ClCompile Include="fragmentation_resampling.cpp">
      <Filter>Source Files</Filter>
    </ClCompile>
    <ClCompile Include="fragmentation_standard.cpp">
      <Filter>Source Files</Filter>
    </ClCompile>
    <ClCompile Include="Grid_AggregationIndex.cpp">
      <Filter>Source Files</Filter>
    </ClCompile>
    <ClCompile Include="Grid_AHP.cpp">
      <Filter>Source Files</Filter>
    </ClCompile>
    <ClCompile Include="Grid_CVA.cpp">
      <Filter>Source Files</Filter>
    </ClCompile>
    <ClCompile Include="Grid_LayerOfMaximumValue.cpp">
      <Filter>Source Files</Filter>
    </ClCompile>
    <ClCompile Include="Grid_Pattern.cpp">
      <Filter>Source Files</Filter>
    </ClCompile>
    <ClCompile Include="LeastCostPathProfile.cpp">
      <Filter>Source Files</Filter>
    </ClCompile>
    <ClCompile Include="LeastCostPathProfile_Points.cpp">
      <Filter>Source Files</Filter>
    </ClCompile>
    <ClCompile Include="MLB_Interface.cpp">
      <Filter>Source Files</Filter>
    </ClCompile>
    <ClCompile Include="owa.cpp">
      <Filter>Source Files</Filter>
    </ClCompile>
    <ClCompile Include="PointsEx.cpp">
      <Filter>Source Files</Filter>
    </ClCompile>
    <ClCompile Include="Soil_Texture.cpp">
      <Filter>Source Files</Filter>
    </ClCompile>
    <ClCompile Include="Grid_Accumulation_Functions.cpp">
      <Filter>Source Files</Filter>
    </ClCompile>
    <ClCompile Include="Grid_IMCORR.cpp">
      <Filter>Source Files</Filter>
    </ClCompile>
  </ItemGroup>
  <ItemGroup>
    <ClInclude Include="Cost_Anisotropic.h">
      <Filter>Header Files</Filter>
    </ClInclude>
    <ClInclude Include="Cost_Isotropic.h">
      <Filter>Header Files</Filter>
    </ClInclude>
    <ClInclude Include="CoveredDistance.h">
      <Filter>Header Files</Filter>
    </ClInclude>
    <ClInclude Include="CrossClassification.h">
      <Filter>Header Files</Filter>
    </ClInclude>
    <ClInclude Include="fragmentation_base.h">
      <Filter>Header Files</Filter>
    </ClInclude>
    <ClInclude Include="fragmentation_classify.h">
      <Filter>Header Files</Filter>
    </ClInclude>
    <ClInclude Include="fragmentation_resampling.h">
      <Filter>Header Files</Filter>
    </ClInclude>
    <ClInclude Include="fragmentation_standard.h">
      <Filter>Header Files</Filter>
    </ClInclude>
    <ClInclude Include="Grid_AggregationIndex.h">
      <Filter>Header Files</Filter>
    </ClInclude>
    <ClInclude Include="Grid_AHP.h">
      <Filter>Header Files</Filter>
    </ClInclude>
    <ClInclude Include="Grid_CVA.h">
      <Filter>Header Files</Filter>
    </ClInclude>
    <ClInclude Include="Grid_LayerOfMaximumValue.h">
      <Filter>Header Files</Filter>
    </ClInclude>
    <ClInclude Include="Grid_Pattern.h">
      <Filter>Header Files</Filter>
    </ClInclude>
    <ClInclude Include="LeastCostPathProfile.h">
      <Filter>Header Files</Filter>
    </ClInclude>
    <ClInclude Include="LeastCostPathProfile_Points.h">
      <Filter>Header Files</Filter>
    </ClInclude>
    <ClInclude Include="MLB_Interface.h">
      <Filter>Header Files</Filter>
    </ClInclude>
    <ClInclude Include="owa.h">
      <Filter>Header Files</Filter>
    </ClInclude>
    <ClInclude Include="PointsEx.h">
      <Filter>Header Files</Filter>
    </ClInclude>
    <ClInclude Include="Soil_Texture.h">
      <Filter>Header Files</Filter>
    </ClInclude>
    <ClInclude Include="..\..\..\saga_core\saga_api\api_core.h">
      <Filter>Include</Filter>
    </ClInclude>
    <ClInclude Include="..\..\..\saga_core\saga_api\dataobject.h">
      <Filter>Include</Filter>
    </ClInclude>
    <ClInclude Include="..\..\..\saga_core\saga_api\geo_tools.h">
      <Filter>Include</Filter>
    </ClInclude>
    <ClInclude Include="..\..\..\saga_core\saga_api\grid.h">
      <Filter>Include</Filter>
    </ClInclude>
    <ClInclude Include="..\..\..\saga_core\saga_api\mat_tools.h">
      <Filter>Include</Filter>
    </ClInclude>
    <ClInclude Include="..\..\..\saga_core\saga_api\module.h">
      <Filter>Include</Filter>
    </ClInclude>
    <ClInclude Include="..\..\..\saga_core\saga_api\parameters.h">
      <Filter>Include</Filter>
    </ClInclude>
    <ClInclude Include="..\..\..\saga_core\saga_api\saga_api.h">
      <Filter>Include</Filter>
    </ClInclude>
    <ClInclude Include="..\..\..\saga_core\saga_api\shapes.h">
      <Filter>Include</Filter>
    </ClInclude>
    <ClInclude Include="..\..\..\saga_core\saga_api\table.h">
      <Filter>Include</Filter>
    </ClInclude>
    <ClInclude Include="..\..\..\saga_core\saga_api\tin.h">
      <Filter>Include</Filter>
    </ClInclude>
    <ClInclude Include="Grid_Accumulation_Functions.h">
      <Filter>Header Files</Filter>
    </ClInclude>
    <ClInclude Include="Grid_IMCORR.h">
      <Filter>Header Files</Filter>
    </ClInclude>
  </ItemGroup>
</Project>