<?xml version="1.0" encoding="utf-8"?>
<Project ToolsVersion="4.0" xmlns="http://schemas.microsoft.com/developer/msbuild/2003">
  <ItemGroup>
    <Filter Include="Source Files">
      <UniqueIdentifier>{e4ea9e42-2323-4e49-a2df-fd91ac43abac}</UniqueIdentifier>
      <Extensions>cpp;c;cxx;rc;def;r;odl;idl;hpj;bat</Extensions>
    </Filter>
    <Filter Include="Header Files">
      <UniqueIdentifier>{0ffd3aba-1f98-45dc-bba6-d5a30c89d591}</UniqueIdentifier>
      <Extensions>h;hpp;hxx;hm;inl</Extensions>
    </Filter>
    <Filter Include="Include">
      <UniqueIdentifier>{23a72118-c13b-4fb0-ad55-5ad5ddd772ea}</UniqueIdentifier>
    </Filter>
  </ItemGroup>
  <ItemGroup>
    <ClCompile Include="MLB_Interface.cpp">
      <Filter>Source Files</Filter>
    </ClCompile>
    <ClCompile Include="add_polygon_attributes.cpp">
      <Filter>Source Files</Filter>
    </ClCompile>
    <ClCompile Include="AddCoordinates.cpp">
      <Filter>Source Files</Filter>
    </ClCompile>
    <ClCompile Include="Clip_Points.cpp">
      <Filter>Source Files</Filter>
    </ClCompile>
    <ClCompile Include="CountPoints.cpp">
      <Filter>Source Files</Filter>
    </ClCompile>
    <ClCompile Include="CreatePointGrid.cpp">
      <Filter>Source Files</Filter>
    </ClCompile>
    <ClCompile Include="DistanceMatrix.cpp">
      <Filter>Source Files</Filter>
    </ClCompile>
    <ClCompile Include="FitNPointsToShape.cpp">
      <Filter>Source Files</Filter>
    </ClCompile>
    <ClCompile Include="Points_From_Lines.cpp">
      <Filter>Source Files</Filter>
    </ClCompile>
    <ClCompile Include="Points_From_Table.cpp">
      <Filter>Source Files</Filter>
    </ClCompile>
    <ClCompile Include="remove_duplicates.cpp">
      <Filter>Source Files</Filter>
    </ClCompile>
    <ClCompile Include="separate_by_direction.cpp">
      <Filter>Source Files</Filter>
    </ClCompile>
    <ClCompile Include="points_filter.cpp">
      <Filter>Source Files</Filter>
    </ClCompile>
    <ClCompile Include="convex_hull.cpp">
      <Filter>Source Files</Filter>
    </ClCompile>
    <ClCompile Include="select_points.cpp">
      <Filter>Source Files</Filter>
    </ClCompile>
    <ClCompile Include="points_thinning.cpp">
      <Filter>Source Files</Filter>
    </ClCompile>
    <ClCompile Include="thiessen_polygons.cpp">
      <Filter>Source Files</Filter>
    </ClCompile>
    <ClCompile Include="gps_track_aggregation.cpp">
      <Filter>Source Files</Filter>
    </ClCompile>
    <ClCompile Include="snap_points_to_features.cpp">
      <Filter>Source Files</Filter>
    </ClCompile>
    <ClCompile Include="snap_points_to_grid.cpp">
      <Filter>Source Files</Filter>
    </ClCompile>
    <ClCompile Include="random_points.cpp">
      <Filter>Source Files</Filter>
    </ClCompile>
    <ClCompile Include="select_3d_points.cpp">
      <Filter>Source Files</Filter>
    </ClCompile>
    <ClCompile Include="point_to_line_distance.cpp">
      <Filter>Source Files</Filter>
    </ClCompile>
  </ItemGroup>
  <ItemGroup>
    <ClInclude Include="MLB_Interface.h">
      <Filter>Header Files</Filter>
    </ClInclude>
    <ClInclude Include="..\..\..\saga_core\saga_api\api_core.h">
      <Filter>Include</Filter>
    </ClInclude>
    <ClInclude Include="..\..\..\saga_core\saga_api\dataobject.h">
      <Filter>Include</Filter>
    </ClInclude>
    <ClInclude Include="..\..\..\saga_core\saga_api\geo_tools.h">
      <Filter>Include</Filter>
    </ClInclude>
    <ClInclude Include="..\..\..\saga_core\saga_api\grid.h">
      <Filter>Include</Filter>
    </ClInclude>
    <ClInclude Include="..\..\..\saga_core\saga_api\mat_tools.h">
      <Filter>Include</Filter>
    </ClInclude>
    <ClInclude Include="..\..\..\saga_core\saga_api\tool.h">
      <Filter>Include</Filter>
    </ClInclude>
    <ClInclude Include="..\..\..\saga_core\saga_api\parameters.h">
      <Filter>Include</Filter>
    </ClInclude>
    <ClInclude Include="..\..\..\saga_core\saga_api\saga_api.h">
      <Filter>Include</Filter>
    </ClInclude>
    <ClInclude Include="..\..\..\saga_core\saga_api\shapes.h">
      <Filter>Include</Filter>
    </ClInclude>
    <ClInclude Include="..\..\..\saga_core\saga_api\table.h">
      <Filter>Include</Filter>
    </ClInclude>
    <ClInclude Include="..\..\..\saga_core\saga_api\tin.h">
      <Filter>Include</Filter>
    </ClInclude>
    <ClInclude Include="..\..\..\saga_core\saga_api\grid_pyramid.h">
      <Filter>Include</Filter>
    </ClInclude>
    <ClInclude Include="..\..\..\saga_core\saga_api\metadata.h">
      <Filter>Include</Filter>
    </ClInclude>
    <ClInclude Include="..\..\..\saga_core\saga_api\tool_library.h">
      <Filter>Include</Filter>
    </ClInclude>
    <ClInclude Include="..\..\..\saga_core\saga_api\pointcloud.h">
      <Filter>Include</Filter>
    </ClInclude>
    <ClInclude Include="..\..\..\saga_core\saga_api\table_dbase.h">
      <Filter>Include</Filter>
    </ClInclude>
    <ClInclude Include="..\..\..\saga_core\saga_api\table_value.h">
      <Filter>Include</Filter>
    </ClInclude>
    <ClInclude Include="add_polygon_attributes.h">
      <Filter>Header Files</Filter>
    </ClInclude>
    <ClInclude Include="AddCoordinates.h">
      <Filter>Header Files</Filter>
    </ClInclude>
    <ClInclude Include="Clip_Points.h">
      <Filter>Header Files</Filter>
    </ClInclude>
    <ClInclude Include="CountPoints.h">
      <Filter>Header Files</Filter>
    </ClInclude>
    <ClInclude Include="CreatePointGrid.h">
      <Filter>Header Files</Filter>
    </ClInclude>
    <ClInclude Include="DistanceMatrix.h">
      <Filter>Header Files</Filter>
    </ClInclude>
    <ClInclude Include="FitNPointsToShape.h">
      <Filter>Header Files</Filter>
    </ClInclude>
    <ClInclude Include="Points_From_Lines.h">
      <Filter>Header Files</Filter>
    </ClInclude>
    <ClInclude Include="Points_From_Table.h">
      <Filter>Header Files</Filter>
    </ClInclude>
    <ClInclude Include="remove_duplicates.h">
      <Filter>Header Files</Filter>
    </ClInclude>
    <ClInclude Include="separate_by_direction.h">
      <Filter>Header Files</Filter>
    </ClInclude>
    <ClInclude Include="points_filter.h">
      <Filter>Header Files</Filter>
    </ClInclude>
    <ClInclude Include="convex_hull.h">
      <Filter>Header Files</Filter>
    </ClInclude>
    <ClInclude Include="select_points.h">
      <Filter>Header Files</Filter>
    </ClInclude>
    <ClInclude Include="points_thinning.h">
      <Filter>Header Files</Filter>
    </ClInclude>
    <ClInclude Include="thiessen_polygons.h">
      <Filter>Header Files</Filter>
    </ClInclude>
    <ClInclude Include="gps_track_aggregation.h">
      <Filter>Header Files</Filter>
    </ClInclude>
    <ClInclude Include="snap_points_to_features.h">
      <Filter>Header Files</Filter>
    </ClInclude>
    <ClInclude Include="snap_points_to_grid.h">
      <Filter>Header Files</Filter>
    </ClInclude>
    <ClInclude Include="random_points.h">
      <Filter>Header Files</Filter>
    </ClInclude>
    <ClInclude Include="select_3d_points.h">
      <Filter>Header Files</Filter>
    </ClInclude>
    <ClInclude Include="point_to_line_distance.h">
      <Filter>Header Files</Filter>
    </ClInclude>
  </ItemGroup>
</Project>