<?xml version="1.0" encoding="utf-8"?>
<Project ToolsVersion="4.0" xmlns="http://schemas.microsoft.com/developer/msbuild/2003">
  <ItemGroup>
    <Filter Include="Source Files">
      <UniqueIdentifier>{8704849f-9260-40fe-8359-85be8ba51041}</UniqueIdentifier>
    </Filter>
    <Filter Include="Header Files">
      <UniqueIdentifier>{23144f0c-b50d-4bfe-b3a6-4bcab520ba7b}</UniqueIdentifier>
      <Extensions>h;hpp;hxx;hm;inl</Extensions>
    </Filter>
    <Filter Include="Include">
      <UniqueIdentifier>{0a192cce-906d-43a4-84f6-33ca68dbac4f}</UniqueIdentifier>
    </Filter>
  </ItemGroup>
  <ItemGroup>
    <ClCompile Include="callback.cpp">
      <Filter>Source Files</Filter>
    </ClCompile>
    <ClCompile Include="saga_cmd.cpp">
      <Filter>Source Files</Filter>
    </ClCompile>
    <ClCompile Include="tool.cpp">
      <Filter>Source Files</Filter>
    </ClCompile>
  </ItemGroup>
  <ItemGroup>
    <ClInclude Include="..\saga_api\API_Core.h">
      <Filter>Include</Filter>
    </ClInclude>
    <ClInclude Include="..\saga_api\data_manager.h">
      <Filter>Include</Filter>
    </ClInclude>
    <ClInclude Include="..\saga_api\DataObject.h">
      <Filter>Include</Filter>
    </ClInclude>
    <ClInclude Include="..\saga_api\GEO_Tools.h">
      <Filter>Include</Filter>
    </ClInclude>
    <ClInclude Include="..\saga_api\Grid.h">
      <Filter>Include</Filter>
    </ClInclude>
    <ClInclude Include="..\saga_api\grid_pyramid.h">
      <Filter>Include</Filter>
    </ClInclude>
    <ClInclude Include="..\saga_api\MAT_Tools.h">
      <Filter>Include</Filter>
    </ClInclude>
    <ClInclude Include="..\saga_api\Module.h">
      <Filter>Include</Filter>
    </ClInclude>
    <ClInclude Include="..\saga_api\tool_library.h">
      <Filter>Include</Filter>
    </ClInclude>
    <ClInclude Include="..\saga_api\Parameters.h">
      <Filter>Include</Filter>
    </ClInclude>
    <ClInclude Include="..\saga_api\pointcloud.h">
      <Filter>Include</Filter>
    </ClInclude>
    <ClInclude Include="..\saga_api\saga_api.h">
      <Filter>Include</Filter>
    </ClInclude>
    <ClInclude Include="..\saga_api\Shapes.h">
      <Filter>Include</Filter>
    </ClInclude>
    <ClInclude Include="..\saga_api\Table.h">
      <Filter>Include</Filter>
    </ClInclude>
    <ClInclude Include="..\saga_api\table_dbase.h">
      <Filter>Include</Filter>
    </ClInclude>
    <ClInclude Include="..\saga_api\table_value.h">
      <Filter>Include</Filter>
    </ClInclude>
    <ClInclude Include="..\saga_api\TIN.h">
      <Filter>Include</Filter>
    </ClInclude>
    <ClInclude Include="callback.h">
      <Filter>Header Files</Filter>
    </ClInclude>
    <ClInclude Include="tool.h">
      <Filter>Header Files</Filter>
    </ClInclude>
  </ItemGroup>
</Project>