
Microsoft Visual Studio Solution File, Format Version 12.00
# Visual Studio Express 14 for Windows Desktop
VisualStudioVersion = 14.0.25420.1
MinimumVisualStudioVersion = 10.0.40219.1
Project("{8BC9CEB8-8B4A-11D0-8D11-00A0C91BC942}") = "my_tool_library", "my_tool_library\my_tool_library.vcxproj", "{5FB8D88F-470D-415A-B99E-9CB4E6B6F377}"
EndProject
Global
	GlobalSection(SolutionConfigurationPlatforms) = preSolution
		Debug Link-Binary|x64 = Debug Link-Binary|x64
		Debug Link-Binary|x86 = Debug Link-Binary|x86
		Debug|x64 = Debug|x64
		Debug|x86 = Debug|x86
		Release Link-Binary|x64 = Release Link-Binary|x64
		Release Link-Binary|x86 = Release Link-Binary|x86
		Release|x64 = Release|x64
		Release|x86 = Release|x86
	EndGlobalSection
	GlobalSection(ProjectConfigurationPlatforms) = postSolution
		{5FB8D88F-470D-415A-B99E-9CB4E6B6F377}.Debug Link-Binary|x64.ActiveCfg = Debug Link-Binary|x64
		{5FB8D88F-470D-415A-B99E-9CB4E6B6F377}.Debug Link-Binary|x64.Build.0 = Debug Link-Binary|x64
		{5FB8D88F-470D-415A-B99E-9CB4E6B6F377}.Debug Link-Binary|x86.ActiveCfg = Debug Link-Binary|Win32
		{5FB8D88F-470D-415A-B99E-9CB4E6B6F377}.Debug Link-Binary|x86.Build.0 = Debug Link-Binary|Win32
		{5FB8D88F-470D-415A-B99E-9CB4E6B6F377}.Debug|x64.ActiveCfg = Debug|x64
		{5FB8D88F-470D-415A-B99E-9CB4E6B6F377}.Debug|x64.Build.0 = Debug|x64
		{5FB8D88F-470D-415A-B99E-9CB4E6B6F377}.Debug|x86.ActiveCfg = Debug|Win32
		{5FB8D88F-470D-415A-B99E-9CB4E6B6F377}.Debug|x86.Build.0 = Debug|Win32
		{5FB8D88F-470D-415A-B99E-9CB4E6B6F377}.Release Link-Binary|x64.ActiveCfg = Release Link-Binary|x64
		{5FB8D88F-470D-415A-B99E-9CB4E6B6F377}.Release Link-Binary|x64.Build.0 = Release Link-Binary|x64
		{5FB8D88F-470D-415A-B99E-9CB4E6B6F377}.Release Link-Binary|x86.ActiveCfg = Release Link-Binary|Win32
		{5FB8D88F-470D-415A-B99E-9CB4E6B6F377}.Release Link-Binary|x86.Build.0 = Release Link-Binary|Win32
		{5FB8D88F-470D-415A-B99E-9CB4E6B6F377}.Release|x64.ActiveCfg = Release|x64
		{5FB8D88F-470D-415A-B99E-9CB4E6B6F377}.Release|x64.Build.0 = Release|x64
		{5FB8D88F-470D-415A-B99E-9CB4E6B6F377}.Release|x86.ActiveCfg = Release|Win32
		{5FB8D88F-470D-415A-B99E-9CB4E6B6F377}.Release|x86.Build.0 = Release|Win32
	EndGlobalSection
	GlobalSection(SolutionProperties) = preSolution
		HideSolutionNode = FALSE
	EndGlobalSection
EndGlobal
