<?xml version="1.0" encoding="utf-8"?>
<Project ToolsVersion="4.0" xmlns="http://schemas.microsoft.com/developer/msbuild/2003">
  <ItemGroup>
    <Filter Include="Source Files">
      <UniqueIdentifier>{e4ea9e42-2323-4e49-a2df-fd91ac43abac}</UniqueIdentifier>
      <Extensions>cpp;c;cxx;rc;def;r;odl;idl;hpj;bat</Extensions>
    </Filter>
    <Filter Include="Header Files">
      <UniqueIdentifier>{0ffd3aba-1f98-45dc-bba6-d5a30c89d591}</UniqueIdentifier>
      <Extensions>h;hpp;hxx;hm;inl</Extensions>
    </Filter>
    <Filter Include="Include">
      <UniqueIdentifier>{23a72118-c13b-4fb0-ad55-5ad5ddd772ea}</UniqueIdentifier>
    </Filter>
  </ItemGroup>
  <ItemGroup>
    <ClCompile Include="MLB_Interface.cpp">
      <Filter>Source Files</Filter>
    </ClCompile>
    <ClCompile Include="CreateChartLayer.cpp">
      <Filter>Source Files</Filter>
    </ClCompile>
    <ClCompile Include="GraticuleBuilder.cpp">
      <Filter>Source Files</Filter>
    </ClCompile>
    <ClCompile Include="NewLayerFromSelectedShapes.cpp">
      <Filter>Source Files</Filter>
    </ClCompile>
    <ClCompile Include="quadtree_structure.cpp">
      <Filter>Source Files</Filter>
    </ClCompile>
    <ClCompile Include="QueryBuilder.cpp">
      <Filter>Source Files</Filter>
    </ClCompile>
    <ClCompile Include="SearchInTable.cpp">
      <Filter>Source Files</Filter>
    </ClCompile>
    <ClCompile Include="SelectByTheme.cpp">
      <Filter>Source Files</Filter>
    </ClCompile>
    <ClCompile Include="SeparateShapes.cpp">
      <Filter>Source Files</Filter>
    </ClCompile>
    <ClCompile Include="shapes_buffer.cpp">
      <Filter>Source Files</Filter>
    </ClCompile>
    <ClCompile Include="Shapes_Create_Empty.cpp">
      <Filter>Source Files</Filter>
    </ClCompile>
    <ClCompile Include="shapes_cut.cpp">
      <Filter>Source Files</Filter>
    </ClCompile>
    <ClCompile Include="shapes_cut_interactive.cpp">
      <Filter>Source Files</Filter>
    </ClCompile>
    <ClCompile Include="shapes_extents.cpp">
      <Filter>Source Files</Filter>
    </ClCompile>
    <ClCompile Include="Shapes_Merge.cpp">
      <Filter>Source Files</Filter>
    </ClCompile>
    <ClCompile Include="shapes_split.cpp">
      <Filter>Source Files</Filter>
    </ClCompile>
    <ClCompile Include="shapes_split_by_attribute.cpp">
      <Filter>Source Files</Filter>
    </ClCompile>
    <ClCompile Include="shapes_split_randomly.cpp">
      <Filter>Source Files</Filter>
    </ClCompile>
    <ClCompile Include="TransformShapes.cpp">
      <Filter>Source Files</Filter>
    </ClCompile>
    <ClCompile Include="shapes_polar_to_cartes.cpp">
      <Filter>Source Files</Filter>
    </ClCompile>
    <ClCompile Include="shapes_generate.cpp">
      <Filter>Source Files</Filter>
    </ClCompile>
    <ClCompile Include="shapes_convert_vertex_type.cpp">
      <Filter>Source Files</Filter>
    </ClCompile>
    <ClCompile Include="LandUse_Scenario.cpp">
      <Filter>Source Files</Filter>
    </ClCompile>
    <ClCompile Include="Shapes_Support_Tool_Chains.cpp">
      <Filter>Source Files</Filter>
    </ClCompile>
  </ItemGroup>
  <ItemGroup>
    <ClInclude Include="MLB_Interface.h">
      <Filter>Header Files</Filter>
    </ClInclude>
    <ClInclude Include="..\..\..\saga_core\saga_api\api_core.h">
      <Filter>Include</Filter>
    </ClInclude>
    <ClInclude Include="..\..\..\saga_core\saga_api\dataobject.h">
      <Filter>Include</Filter>
    </ClInclude>
    <ClInclude Include="..\..\..\saga_core\saga_api\geo_tools.h">
      <Filter>Include</Filter>
    </ClInclude>
    <ClInclude Include="..\..\..\saga_core\saga_api\grid.h">
      <Filter>Include</Filter>
    </ClInclude>
    <ClInclude Include="..\..\..\saga_core\saga_api\mat_tools.h">
      <Filter>Include</Filter>
    </ClInclude>
    <ClInclude Include="..\..\..\saga_core\saga_api\module.h">
      <Filter>Include</Filter>
    </ClInclude>
    <ClInclude Include="..\..\..\saga_core\saga_api\parameters.h">
      <Filter>Include</Filter>
    </ClInclude>
    <ClInclude Include="..\..\..\saga_core\saga_api\saga_api.h">
      <Filter>Include</Filter>
    </ClInclude>
    <ClInclude Include="..\..\..\saga_core\saga_api\shapes.h">
      <Filter>Include</Filter>
    </ClInclude>
    <ClInclude Include="..\..\..\saga_core\saga_api\table.h">
      <Filter>Include</Filter>
    </ClInclude>
    <ClInclude Include="..\..\..\saga_core\saga_api\tin.h">
      <Filter>Include</Filter>
    </ClInclude>
    <ClInclude Include="..\..\..\saga_core\saga_api\grid_pyramid.h">
      <Filter>Include</Filter>
    </ClInclude>
    <ClInclude Include="..\..\..\saga_core\saga_api\metadata.h">
      <Filter>Include</Filter>
    </ClInclude>
    <ClInclude Include="..\..\..\saga_core\saga_api\module_library.h">
      <Filter>Include</Filter>
    </ClInclude>
    <ClInclude Include="..\..\..\saga_core\saga_api\pointcloud.h">
      <Filter>Include</Filter>
    </ClInclude>
    <ClInclude Include="..\..\..\saga_core\saga_api\table_dbase.h">
      <Filter>Include</Filter>
    </ClInclude>
    <ClInclude Include="..\..\..\saga_core\saga_api\table_value.h">
      <Filter>Include</Filter>
    </ClInclude>
    <ClInclude Include="CreateChartLayer.h">
      <Filter>Header Files</Filter>
    </ClInclude>
    <ClInclude Include="GraticuleBuilder.h">
      <Filter>Header Files</Filter>
    </ClInclude>
    <ClInclude Include="NewLayerFromSelectedShapes.h">
      <Filter>Header Files</Filter>
    </ClInclude>
    <ClInclude Include="quadtree_structure.h">
      <Filter>Header Files</Filter>
    </ClInclude>
    <ClInclude Include="QueryBuilder.h">
      <Filter>Header Files</Filter>
    </ClInclude>
    <ClInclude Include="SearchInTable.h">
      <Filter>Header Files</Filter>
    </ClInclude>
    <ClInclude Include="SelectByTheme.h">
      <Filter>Header Files</Filter>
    </ClInclude>
    <ClInclude Include="SeparateShapes.h">
      <Filter>Header Files</Filter>
    </ClInclude>
    <ClInclude Include="shapes_buffer.h">
      <Filter>Header Files</Filter>
    </ClInclude>
    <ClInclude Include="Shapes_Create_Empty.h">
      <Filter>Header Files</Filter>
    </ClInclude>
    <ClInclude Include="shapes_cut.h">
      <Filter>Header Files</Filter>
    </ClInclude>
    <ClInclude Include="shapes_cut_interactive.h">
      <Filter>Header Files</Filter>
    </ClInclude>
    <ClInclude Include="shapes_extents.h">
      <Filter>Header Files</Filter>
    </ClInclude>
    <ClInclude Include="Shapes_Merge.h">
      <Filter>Header Files</Filter>
    </ClInclude>
    <ClInclude Include="shapes_split.h">
      <Filter>Header Files</Filter>
    </ClInclude>
    <ClInclude Include="shapes_split_by_attribute.h">
      <Filter>Header Files</Filter>
    </ClInclude>
    <ClInclude Include="shapes_split_randomly.h">
      <Filter>Header Files</Filter>
    </ClInclude>
    <ClInclude Include="TransformShapes.h">
      <Filter>Header Files</Filter>
    </ClInclude>
    <ClInclude Include="shapes_polar_to_cartes.h">
      <Filter>Header Files</Filter>
    </ClInclude>
    <ClInclude Include="shapes_generate.h">
      <Filter>Header Files</Filter>
    </ClInclude>
    <ClInclude Include="shapes_convert_vertex_type.h">
      <Filter>Header Files</Filter>
    </ClInclude>
    <ClInclude Include="LandUse_Scenario.h">
      <Filter>Header Files</Filter>
    </ClInclude>
    <ClInclude Include="Shapes_Support_Tool_Chains.h">
      <Filter>Header Files</Filter>
    </ClInclude>
  </ItemGroup>
</Project>