<?xml version="1.0" encoding="utf-8"?>
<Project ToolsVersion="4.0" xmlns="http://schemas.microsoft.com/developer/msbuild/2003">
  <ItemGroup>
    <Filter Include="Source Files">
      <UniqueIdentifier>{e4ea9e42-2323-4e49-a2df-fd91ac43abac}</UniqueIdentifier>
      <Extensions>cpp;c;cxx;rc;def;r;odl;idl;hpj;bat</Extensions>
    </Filter>
    <Filter Include="Header Files">
      <UniqueIdentifier>{0ffd3aba-1f98-45dc-bba6-d5a30c89d591}</UniqueIdentifier>
      <Extensions>h;hpp;hxx;hm;inl</Extensions>
    </Filter>
    <Filter Include="Include">
      <UniqueIdentifier>{23a72118-c13b-4fb0-ad55-5ad5ddd772ea}</UniqueIdentifier>
    </Filter>
  </ItemGroup>
  <ItemGroup>
    <ClCompile Include="MLB_Interface.cpp">
      <Filter>Source Files</Filter>
    </ClCompile>
    <ClCompile Include="air_flow_height.cpp">
      <Filter>Source Files</Filter>
    </ClCompile>
    <ClCompile Include="anisotropic_heating.cpp">
      <Filter>Source Files</Filter>
    </ClCompile>
    <ClCompile Include="Convergence.cpp">
      <Filter>Source Files</Filter>
    </ClCompile>
    <ClCompile Include="Convergence_Radius.cpp">
      <Filter>Source Files</Filter>
    </ClCompile>
    <ClCompile Include="Curvature_Classification.cpp">
      <Filter>Source Files</Filter>
    </ClCompile>
    <ClCompile Include="distance_gradient.cpp">
      <Filter>Source Files</Filter>
    </ClCompile>
    <ClCompile Include="Hypsometry.cpp">
      <Filter>Source Files</Filter>
    </ClCompile>
    <ClCompile Include="land_surface_temperature.cpp">
      <Filter>Source Files</Filter>
    </ClCompile>
    <ClCompile Include="mass_balance_index.cpp">
      <Filter>Source Files</Filter>
    </ClCompile>
    <ClCompile Include="Morphometry.cpp">
      <Filter>Source Files</Filter>
    </ClCompile>
    <ClCompile Include="mrvbf.cpp">
      <Filter>Source Files</Filter>
    </ClCompile>
    <ClCompile Include="ProtectionIndex.cpp">
      <Filter>Source Files</Filter>
    </ClCompile>
    <ClCompile Include="RealArea.cpp">
      <Filter>Source Files</Filter>
    </ClCompile>
    <ClCompile Include="relative_heights.cpp">
      <Filter>Source Files</Filter>
    </ClCompile>
    <ClCompile Include="ruggedness.cpp">
      <Filter>Source Files</Filter>
    </ClCompile>
    <ClCompile Include="SurfaceSpecificPoints.cpp">
      <Filter>Source Files</Filter>
    </ClCompile>
    <ClCompile Include="wind_effect.cpp">
      <Filter>Source Files</Filter>
    </ClCompile>
    <ClCompile Include="tpi.cpp">
      <Filter>Source Files</Filter>
    </ClCompile>
    <ClCompile Include="tc_iwahashi_pike.cpp">
      <Filter>Source Files</Filter>
    </ClCompile>
    <ClCompile Include="param_scale.cpp">
      <Filter>Source Files</Filter>
    </ClCompile>
    <ClCompile Include="fuzzy_landform_elements.cpp">
      <Filter>Source Files</Filter>
    </ClCompile>
    <ClCompile Include="top_hat.cpp">
      <Filter>Source Files</Filter>
    </ClCompile>
    <ClCompile Include="Curvature_UpDownSlope.cpp">
      <Filter>Source Files</Filter>
    </ClCompile>
  </ItemGroup>
  <ItemGroup>
    <ClInclude Include="MLB_Interface.h">
      <Filter>Header Files</Filter>
    </ClInclude>
    <ClInclude Include="..\..\..\saga_core\saga_api\api_core.h">
      <Filter>Include</Filter>
    </ClInclude>
    <ClInclude Include="..\..\..\saga_core\saga_api\dataobject.h">
      <Filter>Include</Filter>
    </ClInclude>
    <ClInclude Include="..\..\..\saga_core\saga_api\geo_tools.h">
      <Filter>Include</Filter>
    </ClInclude>
    <ClInclude Include="..\..\..\saga_core\saga_api\grid.h">
      <Filter>Include</Filter>
    </ClInclude>
    <ClInclude Include="..\..\..\saga_core\saga_api\mat_tools.h">
      <Filter>Include</Filter>
    </ClInclude>
    <ClInclude Include="..\..\..\saga_core\saga_api\tool.h">
      <Filter>Include</Filter>
    </ClInclude>
    <ClInclude Include="..\..\..\saga_core\saga_api\parameters.h">
      <Filter>Include</Filter>
    </ClInclude>
    <ClInclude Include="..\..\..\saga_core\saga_api\saga_api.h">
      <Filter>Include</Filter>
    </ClInclude>
    <ClInclude Include="..\..\..\saga_core\saga_api\shapes.h">
      <Filter>Include</Filter>
    </ClInclude>
    <ClInclude Include="..\..\..\saga_core\saga_api\table.h">
      <Filter>Include</Filter>
    </ClInclude>
    <ClInclude Include="..\..\..\saga_core\saga_api\tin.h">
      <Filter>Include</Filter>
    </ClInclude>
    <ClInclude Include="..\..\..\saga_core\saga_api\grid_pyramid.h">
      <Filter>Include</Filter>
    </ClInclude>
    <ClInclude Include="..\..\..\saga_core\saga_api\metadata.h">
      <Filter>Include</Filter>
    </ClInclude>
    <ClInclude Include="..\..\..\saga_core\saga_api\tool_library.h">
      <Filter>Include</Filter>
    </ClInclude>
    <ClInclude Include="..\..\..\saga_core\saga_api\pointcloud.h">
      <Filter>Include</Filter>
    </ClInclude>
    <ClInclude Include="..\..\..\saga_core\saga_api\table_dbase.h">
      <Filter>Include</Filter>
    </ClInclude>
    <ClInclude Include="..\..\..\saga_core\saga_api\table_value.h">
      <Filter>Include</Filter>
    </ClInclude>
    <ClInclude Include="air_flow_height.h">
      <Filter>Header Files</Filter>
    </ClInclude>
    <ClInclude Include="anisotropic_heating.h">
      <Filter>Header Files</Filter>
    </ClInclude>
    <ClInclude Include="Convergence.h">
      <Filter>Header Files</Filter>
    </ClInclude>
    <ClInclude Include="Convergence_Radius.h">
      <Filter>Header Files</Filter>
    </ClInclude>
    <ClInclude Include="Curvature_Classification.h">
      <Filter>Header Files</Filter>
    </ClInclude>
    <ClInclude Include="distance_gradient.h">
      <Filter>Header Files</Filter>
    </ClInclude>
    <ClInclude Include="Hypsometry.h">
      <Filter>Header Files</Filter>
    </ClInclude>
    <ClInclude Include="land_surface_temperature.h">
      <Filter>Header Files</Filter>
    </ClInclude>
    <ClInclude Include="mass_balance_index.h">
      <Filter>Header Files</Filter>
    </ClInclude>
    <ClInclude Include="Morphometry.h">
      <Filter>Header Files</Filter>
    </ClInclude>
    <ClInclude Include="mrvbf.h">
      <Filter>Header Files</Filter>
    </ClInclude>
    <ClInclude Include="ProtectionIndex.h">
      <Filter>Header Files</Filter>
    </ClInclude>
    <ClInclude Include="RealArea.h">
      <Filter>Header Files</Filter>
    </ClInclude>
    <ClInclude Include="relative_heights.h">
      <Filter>Header Files</Filter>
    </ClInclude>
    <ClInclude Include="ruggedness.h">
      <Filter>Header Files</Filter>
    </ClInclude>
    <ClInclude Include="SurfaceSpecificPoints.h">
      <Filter>Header Files</Filter>
    </ClInclude>
    <ClInclude Include="wind_effect.h">
      <Filter>Header Files</Filter>
    </ClInclude>
    <ClInclude Include="tpi.h">
      <Filter>Header Files</Filter>
    </ClInclude>
    <ClInclude Include="tc_iwahashi_pike.h">
      <Filter>Header Files</Filter>
    </ClInclude>
    <ClInclude Include="param_scale.h">
      <Filter>Header Files</Filter>
    </ClInclude>
    <ClInclude Include="fuzzy_landform_elements.h">
      <Filter>Header Files</Filter>
    </ClInclude>
    <ClInclude Include="top_hat.h">
      <Filter>Header Files</Filter>
    </ClInclude>
    <ClInclude Include="Curvature_UpDownSlope.h">
      <Filter>Header Files</Filter>
    </ClInclude>
  </ItemGroup>
</Project>