<?xml version="1.0" encoding="utf-8"?>
<Project ToolsVersion="4.0" xmlns="http://schemas.microsoft.com/developer/msbuild/2003">
  <ItemGroup>
    <Filter Include="Source Files">
      <UniqueIdentifier>{e4ea9e42-2323-4e49-a2df-fd91ac43abac}</UniqueIdentifier>
      <Extensions>cpp;c;cxx;rc;def;r;odl;idl;hpj;bat</Extensions>
    </Filter>
    <Filter Include="Header Files">
      <UniqueIdentifier>{0ffd3aba-1f98-45dc-bba6-d5a30c89d591}</UniqueIdentifier>
      <Extensions>h;hpp;hxx;hm;inl</Extensions>
    </Filter>
    <Filter Include="Include">
      <UniqueIdentifier>{23a72118-c13b-4fb0-ad55-5ad5ddd772ea}</UniqueIdentifier>
    </Filter>
  </ItemGroup>
  <ItemGroup>
    <ClCompile Include="MLB_Interface.cpp">
      <Filter>Source Files</Filter>
    </ClCompile>
    <ClCompile Include="BasinGrid.cpp">
      <Filter>Source Files</Filter>
    </ClCompile>
    <ClCompile Include="CellBalance.cpp">
      <Filter>Source Files</Filter>
    </ClCompile>
    <ClCompile Include="EdgeContamination.cpp">
      <Filter>Source Files</Filter>
    </ClCompile>
    <ClCompile Include="Flow.cpp">
      <Filter>Source Files</Filter>
    </ClCompile>
    <ClCompile Include="Flow_AreaDownslope.cpp">
      <Filter>Source Files</Filter>
    </ClCompile>
    <ClCompile Include="Flow_AreaUpslope.cpp">
      <Filter>Source Files</Filter>
    </ClCompile>
    <ClCompile Include="Flow_Distance.cpp">
      <Filter>Source Files</Filter>
    </ClCompile>
    <ClCompile Include="flow_massflux.cpp">
      <Filter>Source Files</Filter>
    </ClCompile>
    <ClCompile Include="Flow_Parallel.cpp">
      <Filter>Source Files</Filter>
    </ClCompile>
    <ClCompile Include="Flow_RecursiveDown.cpp">
      <Filter>Source Files</Filter>
    </ClCompile>
    <ClCompile Include="Flow_RecursiveUp.cpp">
      <Filter>Source Files</Filter>
    </ClCompile>
    <ClCompile Include="flow_width.cpp">
      <Filter>Source Files</Filter>
    </ClCompile>
    <ClCompile Include="FlowDepth.cpp">
      <Filter>Source Files</Filter>
    </ClCompile>
    <ClCompile Include="Helper.cpp">
      <Filter>Source Files</Filter>
    </ClCompile>
    <ClCompile Include="IsochronesConst.cpp">
      <Filter>Source Files</Filter>
    </ClCompile>
    <ClCompile Include="IsochronesVar.cpp">
      <Filter>Source Files</Filter>
    </ClCompile>
    <ClCompile Include="LakeFlood.cpp">
      <Filter>Source Files</Filter>
    </ClCompile>
    <ClCompile Include="LakeFloodInteractive.cpp">
      <Filter>Source Files</Filter>
    </ClCompile>
    <ClCompile Include="SAGA_Wetness_Index.cpp">
      <Filter>Source Files</Filter>
    </ClCompile>
    <ClCompile Include="Sinuosity.cpp">
      <Filter>Source Files</Filter>
    </ClCompile>
    <ClCompile Include="SlopeLength.cpp">
      <Filter>Source Files</Filter>
    </ClCompile>
    <ClCompile Include="TopographicIndices.cpp">
      <Filter>Source Files</Filter>
    </ClCompile>
  </ItemGroup>
  <ItemGroup>
    <ClInclude Include="MLB_Interface.h">
      <Filter>Header Files</Filter>
    </ClInclude>
    <ClInclude Include="..\..\..\saga_core\saga_api\api_core.h">
      <Filter>Include</Filter>
    </ClInclude>
    <ClInclude Include="..\..\..\saga_core\saga_api\dataobject.h">
      <Filter>Include</Filter>
    </ClInclude>
    <ClInclude Include="..\..\..\saga_core\saga_api\geo_tools.h">
      <Filter>Include</Filter>
    </ClInclude>
    <ClInclude Include="..\..\..\saga_core\saga_api\grid.h">
      <Filter>Include</Filter>
    </ClInclude>
    <ClInclude Include="..\..\..\saga_core\saga_api\mat_tools.h">
      <Filter>Include</Filter>
    </ClInclude>
    <ClInclude Include="..\..\..\saga_core\saga_api\module.h">
      <Filter>Include</Filter>
    </ClInclude>
    <ClInclude Include="..\..\..\saga_core\saga_api\parameters.h">
      <Filter>Include</Filter>
    </ClInclude>
    <ClInclude Include="..\..\..\saga_core\saga_api\saga_api.h">
      <Filter>Include</Filter>
    </ClInclude>
    <ClInclude Include="..\..\..\saga_core\saga_api\shapes.h">
      <Filter>Include</Filter>
    </ClInclude>
    <ClInclude Include="..\..\..\saga_core\saga_api\table.h">
      <Filter>Include</Filter>
    </ClInclude>
    <ClInclude Include="..\..\..\saga_core\saga_api\tin.h">
      <Filter>Include</Filter>
    </ClInclude>
    <ClInclude Include="..\..\..\saga_core\saga_api\grid_pyramid.h">
      <Filter>Include</Filter>
    </ClInclude>
    <ClInclude Include="..\..\..\saga_core\saga_api\metadata.h">
      <Filter>Include</Filter>
    </ClInclude>
    <ClInclude Include="..\..\..\saga_core\saga_api\module_library.h">
      <Filter>Include</Filter>
    </ClInclude>
    <ClInclude Include="..\..\..\saga_core\saga_api\pointcloud.h">
      <Filter>Include</Filter>
    </ClInclude>
    <ClInclude Include="..\..\..\saga_core\saga_api\table_dbase.h">
      <Filter>Include</Filter>
    </ClInclude>
    <ClInclude Include="..\..\..\saga_core\saga_api\table_value.h">
      <Filter>Include</Filter>
    </ClInclude>
    <ClInclude Include="BasinGrid.h">
      <Filter>Header Files</Filter>
    </ClInclude>
    <ClInclude Include="CellBalance.h">
      <Filter>Header Files</Filter>
    </ClInclude>
    <ClInclude Include="EdgeContamination.h">
      <Filter>Header Files</Filter>
    </ClInclude>
    <ClInclude Include="Flow.h">
      <Filter>Header Files</Filter>
    </ClInclude>
    <ClInclude Include="Flow_AreaDownslope.h">
      <Filter>Header Files</Filter>
    </ClInclude>
    <ClInclude Include="Flow_AreaUpslope.h">
      <Filter>Header Files</Filter>
    </ClInclude>
    <ClInclude Include="Flow_BRM.h">
      <Filter>Header Files</Filter>
    </ClInclude>
    <ClInclude Include="Flow_Distance.h">
      <Filter>Header Files</Filter>
    </ClInclude>
    <ClInclude Include="flow_massflux.h">
      <Filter>Header Files</Filter>
    </ClInclude>
    <ClInclude Include="Flow_Parallel.h">
      <Filter>Header Files</Filter>
    </ClInclude>
    <ClInclude Include="Flow_RecursiveDown.h">
      <Filter>Header Files</Filter>
    </ClInclude>
    <ClInclude Include="Flow_RecursiveUp.h">
      <Filter>Header Files</Filter>
    </ClInclude>
    <ClInclude Include="flow_width.h">
      <Filter>Header Files</Filter>
    </ClInclude>
    <ClInclude Include="FlowDepth.h">
      <Filter>Header Files</Filter>
    </ClInclude>
    <ClInclude Include="Helper.h">
      <Filter>Header Files</Filter>
    </ClInclude>
    <ClInclude Include="IsochronesConst.h">
      <Filter>Header Files</Filter>
    </ClInclude>
    <ClInclude Include="IsochronesVar.h">
      <Filter>Header Files</Filter>
    </ClInclude>
    <ClInclude Include="LakeFlood.h">
      <Filter>Header Files</Filter>
    </ClInclude>
    <ClInclude Include="Pt.h">
      <Filter>Header Files</Filter>
    </ClInclude>
    <ClInclude Include="SAGA_Wetness_Index.h">
      <Filter>Header Files</Filter>
    </ClInclude>
    <ClInclude Include="Sinuosity.h">
      <Filter>Header Files</Filter>
    </ClInclude>
    <ClInclude Include="SlopeLength.h">
      <Filter>Header Files</Filter>
    </ClInclude>
    <ClInclude Include="TopographicIndices.h">
      <Filter>Header Files</Filter>
    </ClInclude>
  </ItemGroup>
</Project>