<?xml version="1.0" encoding="utf-8"?>
<Project ToolsVersion="4.0" xmlns="http://schemas.microsoft.com/developer/msbuild/2003">
  <ItemGroup>
    <Filter Include="Source Files">
      <UniqueIdentifier>{b6ea2c4a-c370-4517-b757-d1a387d07d69}</UniqueIdentifier>
      <Extensions>cpp;c;cxx;rc;def;r;odl;idl;hpj;bat</Extensions>
    </Filter>
    <Filter Include="Header Files">
      <UniqueIdentifier>{ee65f1db-9d84-427d-b920-02a967746195}</UniqueIdentifier>
      <Extensions>h;hpp;hxx;hm;inl</Extensions>
    </Filter>
  </ItemGroup>
  <ItemGroup>
    <ClCompile Include="sgdi_diagram.cpp">
      <Filter>Source Files</Filter>
    </ClCompile>
    <ClCompile Include="sgdi_dialog.cpp">
      <Filter>Source Files</Filter>
    </ClCompile>
    <ClCompile Include="sgdi_helper.cpp">
      <Filter>Source Files</Filter>
    </ClCompile>
    <ClCompile Include="3d_view_canvas.cpp">
      <Filter>Source Files</Filter>
    </ClCompile>
    <ClCompile Include="3d_view_dialog.cpp">
      <Filter>Source Files</Filter>
    </ClCompile>
    <ClCompile Include="3d_view_panel.cpp">
      <Filter>Source Files</Filter>
    </ClCompile>
    <ClCompile Include="3d_view_projector.cpp">
      <Filter>Source Files</Filter>
    </ClCompile>
  </ItemGroup>
  <ItemGroup>
    <ClInclude Include="saga_gdi.h">
      <Filter>Header Files</Filter>
    </ClInclude>
    <ClInclude Include="sgdi_diagram.h">
      <Filter>Header Files</Filter>
    </ClInclude>
    <ClInclude Include="sgdi_dialog.h">
      <Filter>Header Files</Filter>
    </ClInclude>
    <ClInclude Include="sgdi_helper.h">
      <Filter>Header Files</Filter>
    </ClInclude>
    <ClInclude Include="sgdi_core.h">
      <Filter>Header Files</Filter>
    </ClInclude>
    <ClInclude Include="3d_view.h">
      <Filter>Header Files</Filter>
    </ClInclude>
    <ClInclude Include="3d_view_tools.h">
      <Filter>Header Files</Filter>
    </ClInclude>
  </ItemGroup>
</Project>