<?xml version="1.0" encoding="utf-8"?>
<Project ToolsVersion="4.0" xmlns="http://schemas.microsoft.com/developer/msbuild/2003">
  <ItemGroup>
    <Filter Include="Source Files">
      <UniqueIdentifier>{e4ea9e42-2323-4e49-a2df-fd91ac43abac}</UniqueIdentifier>
      <Extensions>cpp;c;cxx;rc;def;r;odl;idl;hpj;bat</Extensions>
    </Filter>
    <Filter Include="Header Files">
      <UniqueIdentifier>{0ffd3aba-1f98-45dc-bba6-d5a30c89d591}</UniqueIdentifier>
      <Extensions>h;hpp;hxx;hm;inl</Extensions>
    </Filter>
    <Filter Include="Include">
      <UniqueIdentifier>{23a72118-c13b-4fb0-ad55-5ad5ddd772ea}</UniqueIdentifier>
    </Filter>
  </ItemGroup>
  <ItemGroup>
    <ClCompile Include="MLB_Interface.cpp">
      <Filter>Source Files</Filter>
    </ClCompile>
    <ClCompile Include="convert_sl.cpp">
      <Filter>Source Files</Filter>
    </ClCompile>
    <ClCompile Include="ihacres_basin.cpp">
      <Filter>Source Files</Filter>
    </ClCompile>
    <ClCompile Include="ihacres_cal2.cpp">
      <Filter>Source Files</Filter>
    </ClCompile>
    <ClCompile Include="ihacres_elev.cpp">
      <Filter>Source Files</Filter>
    </ClCompile>
    <ClCompile Include="ihacres_elev_bands.cpp">
      <Filter>Source Files</Filter>
    </ClCompile>
    <ClCompile Include="ihacres_elev_cal.cpp">
      <Filter>Source Files</Filter>
    </ClCompile>
    <ClCompile Include="ihacres_eq.cpp">
      <Filter>Source Files</Filter>
    </ClCompile>
    <ClCompile Include="ihacres_v1.cpp">
      <Filter>Source Files</Filter>
    </ClCompile>
    <ClCompile Include="model_tools.cpp">
      <Filter>Source Files</Filter>
    </ClCompile>
    <ClCompile Include="snow_module.cpp">
      <Filter>Source Files</Filter>
    </ClCompile>
  </ItemGroup>
  <ItemGroup>
    <ClInclude Include="MLB_Interface.h">
      <Filter>Header Files</Filter>
    </ClInclude>
    <ClInclude Include="..\..\..\saga_core\saga_api\api_core.h">
      <Filter>Include</Filter>
    </ClInclude>
    <ClInclude Include="..\..\..\saga_core\saga_api\dataobject.h">
      <Filter>Include</Filter>
    </ClInclude>
    <ClInclude Include="..\..\..\saga_core\saga_api\geo_tools.h">
      <Filter>Include</Filter>
    </ClInclude>
    <ClInclude Include="..\..\..\saga_core\saga_api\grid.h">
      <Filter>Include</Filter>
    </ClInclude>
    <ClInclude Include="..\..\..\saga_core\saga_api\mat_tools.h">
      <Filter>Include</Filter>
    </ClInclude>
    <ClInclude Include="..\..\..\saga_core\saga_api\tool.h">
      <Filter>Include</Filter>
    </ClInclude>
    <ClInclude Include="..\..\..\saga_core\saga_api\parameters.h">
      <Filter>Include</Filter>
    </ClInclude>
    <ClInclude Include="..\..\..\saga_core\saga_api\saga_api.h">
      <Filter>Include</Filter>
    </ClInclude>
    <ClInclude Include="..\..\..\saga_core\saga_api\shapes.h">
      <Filter>Include</Filter>
    </ClInclude>
    <ClInclude Include="..\..\..\saga_core\saga_api\table.h">
      <Filter>Include</Filter>
    </ClInclude>
    <ClInclude Include="..\..\..\saga_core\saga_api\tin.h">
      <Filter>Include</Filter>
    </ClInclude>
    <ClInclude Include="..\..\..\saga_core\saga_api\grid_pyramid.h">
      <Filter>Include</Filter>
    </ClInclude>
    <ClInclude Include="..\..\..\saga_core\saga_api\metadata.h">
      <Filter>Include</Filter>
    </ClInclude>
    <ClInclude Include="..\..\..\saga_core\saga_api\tool_library.h">
      <Filter>Include</Filter>
    </ClInclude>
    <ClInclude Include="..\..\..\saga_core\saga_api\pointcloud.h">
      <Filter>Include</Filter>
    </ClInclude>
    <ClInclude Include="..\..\..\saga_core\saga_api\table_dbase.h">
      <Filter>Include</Filter>
    </ClInclude>
    <ClInclude Include="..\..\..\saga_core\saga_api\table_value.h">
      <Filter>Include</Filter>
    </ClInclude>
    <ClInclude Include="convert_sl.h">
      <Filter>Header Files</Filter>
    </ClInclude>
    <ClInclude Include="ihacres_basin.h">
      <Filter>Header Files</Filter>
    </ClInclude>
    <ClInclude Include="ihacres_cal2.h">
      <Filter>Header Files</Filter>
    </ClInclude>
    <ClInclude Include="ihacres_elev.h">
      <Filter>Header Files</Filter>
    </ClInclude>
    <ClInclude Include="ihacres_elev_bands.h">
      <Filter>Header Files</Filter>
    </ClInclude>
    <ClInclude Include="ihacres_elev_cal.h">
      <Filter>Header Files</Filter>
    </ClInclude>
    <ClInclude Include="ihacres_eq.h">
      <Filter>Header Files</Filter>
    </ClInclude>
    <ClInclude Include="ihacres_v1.h">
      <Filter>Header Files</Filter>
    </ClInclude>
    <ClInclude Include="model_tools.h">
      <Filter>Header Files</Filter>
    </ClInclude>
    <ClInclude Include="snow_module.h">
      <Filter>Header Files</Filter>
    </ClInclude>
  </ItemGroup>
</Project>