
Microsoft Visual Studio Solution File, Format Version 9.00
# Visual C++ Express 2005
Project("{8BC9CEB8-8B4A-11D0-8D11-00A0C91BC942}") = "lectures_introduction", "lectures\lectures_introduction\lectures_introduction.vcproj", "{A82366EE-720D-4A2F-8711-F06126E1C74E}"
EndProject
Global
	GlobalSection(SolutionConfigurationPlatforms) = preSolution
		Debug|Win32 = Debug|Win32
		Release|Win32 = Release|Win32
	EndGlobalSection
	GlobalSection(ProjectConfigurationPlatforms) = postSolution
		{A82366EE-720D-4A2F-8711-F06126E1C74E}.Debug|Win32.ActiveCfg = Debug|Win32
		{A82366EE-720D-4A2F-8711-F06126E1C74E}.Debug|Win32.Build.0 = Debug|Win32
		{A82366EE-720D-4A2F-8711-F06126E1C74E}.Release|Win32.ActiveCfg = Release|Win32
		{A82366EE-720D-4A2F-8711-F06126E1C74E}.Release|Win32.Build.0 = Release|Win32
	EndGlobalSection
	GlobalSection(SolutionProperties) = preSolution
		HideSolutionNode = FALSE
	EndGlobalSection
EndGlobal
