
Microsoft Visual Studio Solution File, Format Version 9.00
# Visual C++ Express 2005
Project("{8BC9CEB8-8B4A-11D0-8D11-00A0C91BC942}") = "recreations_fractals", "recreations\recreations_fractals\recreations_fractals.vcproj", "{B021BC3D-2C3B-473A-8DB3-22EA8892772D}"
EndProject
Project("{8BC9CEB8-8B4A-11D0-8D11-00A0C91BC942}") = "recreations_games", "recreations\recreations_games\recreations_games.vcproj", "{92331B60-6CC4-4B2E-BA69-1B21B0E07BDC}"
EndProject
Global
	GlobalSection(SolutionConfigurationPlatforms) = preSolution
		Debug|Win32 = Debug|Win32
		Release|Win32 = Release|Win32
	EndGlobalSection
	GlobalSection(ProjectConfigurationPlatforms) = postSolution
		{B021BC3D-2C3B-473A-8DB3-22EA8892772D}.Debug|Win32.ActiveCfg = Debug|Win32
		{B021BC3D-2C3B-473A-8DB3-22EA8892772D}.Debug|Win32.Build.0 = Debug|Win32
		{B021BC3D-2C3B-473A-8DB3-22EA8892772D}.Release|Win32.ActiveCfg = Release|Win32
		{B021BC3D-2C3B-473A-8DB3-22EA8892772D}.Release|Win32.Build.0 = Release|Win32
		{92331B60-6CC4-4B2E-BA69-1B21B0E07BDC}.Debug|Win32.ActiveCfg = Debug|Win32
		{92331B60-6CC4-4B2E-BA69-1B21B0E07BDC}.Debug|Win32.Build.0 = Debug|Win32
		{92331B60-6CC4-4B2E-BA69-1B21B0E07BDC}.Release|Win32.ActiveCfg = Release|Win32
		{92331B60-6CC4-4B2E-BA69-1B21B0E07BDC}.Release|Win32.Build.0 = Release|Win32
	EndGlobalSection
	GlobalSection(SolutionProperties) = preSolution
		HideSolutionNode = FALSE
	EndGlobalSection
EndGlobal
