
Microsoft Visual Studio Solution File, Format Version 9.00
# Visual C++ Express 2005
Project("{8BC9CEB8-8B4A-11D0-8D11-00A0C91BC942}") = "io_esri_e00", "esri_e00\io_esri_e00\io_esri_e00.vcproj", "{22E9C789-0484-40CF-8314-09093FCEA966}"
EndProject
Project("{8BC9CEB8-8B4A-11D0-8D11-00A0C91BC942}") = "io_grid", "grid\io_grid\io_grid.vcproj", "{B3CCCEB4-5984-43AB-82F7-70EA8E2C6D21}"
EndProject
Project("{8BC9CEB8-8B4A-11D0-8D11-00A0C91BC942}") = "io_grid_image", "grid\io_grid_image\io_grid_image.vcproj", "{D929A9E2-5092-4AD8-B010-CE9654EE67B9}"
EndProject
Project("{8BC9CEB8-8B4A-11D0-8D11-00A0C91BC942}") = "io_shapes", "shapes\io_shapes\io_shapes.vcproj", "{2B3B062D-F548-43F1-B401-BDF483347E6E}"
EndProject
Project("{8BC9CEB8-8B4A-11D0-8D11-00A0C91BC942}") = "io_table_odbc", "table\io_table_odbc\io_table_odbc.vcproj", "{7C3D3FC4-BA40-4CD4-A707-368141D27111}"
EndProject
Global
	GlobalSection(SolutionConfigurationPlatforms) = preSolution
		Debug|Win32 = Debug|Win32
		Release|Win32 = Release|Win32
	EndGlobalSection
	GlobalSection(ProjectConfigurationPlatforms) = postSolution
		{22E9C789-0484-40CF-8314-09093FCEA966}.Debug|Win32.ActiveCfg = Debug|Win32
		{22E9C789-0484-40CF-8314-09093FCEA966}.Debug|Win32.Build.0 = Debug|Win32
		{22E9C789-0484-40CF-8314-09093FCEA966}.Release|Win32.ActiveCfg = Release|Win32
		{22E9C789-0484-40CF-8314-09093FCEA966}.Release|Win32.Build.0 = Release|Win32
		{B3CCCEB4-5984-43AB-82F7-70EA8E2C6D21}.Debug|Win32.ActiveCfg = Debug|Win32
		{B3CCCEB4-5984-43AB-82F7-70EA8E2C6D21}.Debug|Win32.Build.0 = Debug|Win32
		{B3CCCEB4-5984-43AB-82F7-70EA8E2C6D21}.Release|Win32.ActiveCfg = Release|Win32
		{B3CCCEB4-5984-43AB-82F7-70EA8E2C6D21}.Release|Win32.Build.0 = Release|Win32
		{D929A9E2-5092-4AD8-B010-CE9654EE67B9}.Debug|Win32.ActiveCfg = Debug|Win32
		{D929A9E2-5092-4AD8-B010-CE9654EE67B9}.Debug|Win32.Build.0 = Debug|Win32
		{D929A9E2-5092-4AD8-B010-CE9654EE67B9}.Release|Win32.ActiveCfg = Release|Win32
		{D929A9E2-5092-4AD8-B010-CE9654EE67B9}.Release|Win32.Build.0 = Release|Win32
		{2B3B062D-F548-43F1-B401-BDF483347E6E}.Debug|Win32.ActiveCfg = Debug|Win32
		{2B3B062D-F548-43F1-B401-BDF483347E6E}.Debug|Win32.Build.0 = Debug|Win32
		{2B3B062D-F548-43F1-B401-BDF483347E6E}.Release|Win32.ActiveCfg = Release|Win32
		{2B3B062D-F548-43F1-B401-BDF483347E6E}.Release|Win32.Build.0 = Release|Win32
		{7C3D3FC4-BA40-4CD4-A707-368141D27111}.Debug|Win32.ActiveCfg = Debug|Win32
		{7C3D3FC4-BA40-4CD4-A707-368141D27111}.Debug|Win32.Build.0 = Debug|Win32
		{7C3D3FC4-BA40-4CD4-A707-368141D27111}.Release|Win32.ActiveCfg = Release|Win32
		{7C3D3FC4-BA40-4CD4-A707-368141D27111}.Release|Win32.Build.0 = Release|Win32
	EndGlobalSection
	GlobalSection(SolutionProperties) = preSolution
		HideSolutionNode = FALSE
	EndGlobalSection
EndGlobal
