<?xml version="1.0" encoding="utf-8"?>
<Project ToolsVersion="4.0" xmlns="http://schemas.microsoft.com/developer/msbuild/2003">
  <ItemGroup>
    <Filter Include="Source Files">
      <UniqueIdentifier>{e4ea9e42-2323-4e49-a2df-fd91ac43abac}</UniqueIdentifier>
      <Extensions>cpp;c;cxx;rc;def;r;odl;idl;hpj;bat</Extensions>
    </Filter>
    <Filter Include="Header Files">
      <UniqueIdentifier>{0ffd3aba-1f98-45dc-bba6-d5a30c89d591}</UniqueIdentifier>
      <Extensions>h;hpp;hxx;hm;inl</Extensions>
    </Filter>
    <Filter Include="Include">
      <UniqueIdentifier>{23a72118-c13b-4fb0-ad55-5ad5ddd772ea}</UniqueIdentifier>
    </Filter>
  </ItemGroup>
  <ItemGroup>
    <ClCompile Include="MLB_Interface.cpp">
      <Filter>Source Files</Filter>
    </ClCompile>
    <ClCompile Include="CreateGridSystem.cpp">
      <Filter>Source Files</Filter>
    </ClCompile>
    <ClCompile Include="Grid_Aggregate.cpp">
      <Filter>Source Files</Filter>
    </ClCompile>
    <ClCompile Include="Grid_Buffer.cpp">
      <Filter>Source Files</Filter>
    </ClCompile>
    <ClCompile Include="Grid_Buffer_Proximity.cpp">
      <Filter>Source Files</Filter>
    </ClCompile>
    <ClCompile Include="Grid_CombineGrids.cpp">
      <Filter>Source Files</Filter>
    </ClCompile>
    <ClCompile Include="Grid_Completion.cpp">
      <Filter>Source Files</Filter>
    </ClCompile>
    <ClCompile Include="Grid_ConstantGrid.cpp">
      <Filter>Source Files</Filter>
    </ClCompile>
    <ClCompile Include="Grid_CropToData.cpp">
      <Filter>Source Files</Filter>
    </ClCompile>
    <ClCompile Include="Grid_Cut.cpp">
      <Filter>Source Files</Filter>
    </ClCompile>
    <ClCompile Include="Grid_Fill.cpp">
      <Filter>Source Files</Filter>
    </ClCompile>
    <ClCompile Include="Grid_Gaps.cpp">
      <Filter>Source Files</Filter>
    </ClCompile>
    <ClCompile Include="Grid_Gaps_OneCell.cpp">
      <Filter>Source Files</Filter>
    </ClCompile>
    <ClCompile Include="Grid_Gaps_Spline_Fill.cpp">
      <Filter>Source Files</Filter>
    </ClCompile>
    <ClCompile Include="Grid_InvertNoData.cpp">
      <Filter>Source Files</Filter>
    </ClCompile>
    <ClCompile Include="Grid_Mask.cpp">
      <Filter>Source Files</Filter>
    </ClCompile>
    <ClCompile Include="Grid_Merge.cpp">
      <Filter>Source Files</Filter>
    </ClCompile>
    <ClCompile Include="Grid_Orientation.cpp">
      <Filter>Source Files</Filter>
    </ClCompile>
    <ClCompile Include="Grid_Proximity.cpp">
      <Filter>Source Files</Filter>
    </ClCompile>
    <ClCompile Include="Grid_Resample.cpp">
      <Filter>Source Files</Filter>
    </ClCompile>
    <ClCompile Include="Grid_SortRaster.cpp">
      <Filter>Source Files</Filter>
    </ClCompile>
    <ClCompile Include="Grid_ThresholdBuffer.cpp">
      <Filter>Source Files</Filter>
    </ClCompile>
    <ClCompile Include="Grid_Tiling.cpp">
      <Filter>Source Files</Filter>
    </ClCompile>
    <ClCompile Include="Grid_Value_Reclassify.cpp">
      <Filter>Source Files</Filter>
    </ClCompile>
    <ClCompile Include="Grid_Value_Replace.cpp">
      <Filter>Source Files</Filter>
    </ClCompile>
    <ClCompile Include="Grid_Value_Replace_Interactive.cpp">
      <Filter>Source Files</Filter>
    </ClCompile>
    <ClCompile Include="Grid_Value_Request.cpp">
      <Filter>Source Files</Filter>
    </ClCompile>
    <ClCompile Include="Grid_Value_Type.cpp">
      <Filter>Source Files</Filter>
    </ClCompile>
    <ClCompile Include="GridsFromTableAndGrid.cpp">
      <Filter>Source Files</Filter>
    </ClCompile>
    <ClCompile Include="Grid_Shrink_Expand.cpp">
      <Filter>Source Files</Filter>
    </ClCompile>
    <ClCompile Include="Grid_Gaps_Resampling.cpp">
      <Filter>Source Files</Filter>
    </ClCompile>
  </ItemGroup>
  <ItemGroup>
    <ClInclude Include="MLB_Interface.h">
      <Filter>Header Files</Filter>
    </ClInclude>
    <ClInclude Include="..\..\..\saga_core\saga_api\api_core.h">
      <Filter>Include</Filter>
    </ClInclude>
    <ClInclude Include="..\..\..\saga_core\saga_api\dataobject.h">
      <Filter>Include</Filter>
    </ClInclude>
    <ClInclude Include="..\..\..\saga_core\saga_api\geo_tools.h">
      <Filter>Include</Filter>
    </ClInclude>
    <ClInclude Include="..\..\..\saga_core\saga_api\grid.h">
      <Filter>Include</Filter>
    </ClInclude>
    <ClInclude Include="..\..\..\saga_core\saga_api\mat_tools.h">
      <Filter>Include</Filter>
    </ClInclude>
    <ClInclude Include="..\..\..\saga_core\saga_api\module.h">
      <Filter>Include</Filter>
    </ClInclude>
    <ClInclude Include="..\..\..\saga_core\saga_api\parameters.h">
      <Filter>Include</Filter>
    </ClInclude>
    <ClInclude Include="..\..\..\saga_core\saga_api\saga_api.h">
      <Filter>Include</Filter>
    </ClInclude>
    <ClInclude Include="..\..\..\saga_core\saga_api\shapes.h">
      <Filter>Include</Filter>
    </ClInclude>
    <ClInclude Include="..\..\..\saga_core\saga_api\table.h">
      <Filter>Include</Filter>
    </ClInclude>
    <ClInclude Include="..\..\..\saga_core\saga_api\tin.h">
      <Filter>Include</Filter>
    </ClInclude>
    <ClInclude Include="..\..\..\saga_core\saga_api\grid_pyramid.h">
      <Filter>Include</Filter>
    </ClInclude>
    <ClInclude Include="..\..\..\saga_core\saga_api\metadata.h">
      <Filter>Include</Filter>
    </ClInclude>
    <ClInclude Include="..\..\..\saga_core\saga_api\module_library.h">
      <Filter>Include</Filter>
    </ClInclude>
    <ClInclude Include="..\..\..\saga_core\saga_api\pointcloud.h">
      <Filter>Include</Filter>
    </ClInclude>
    <ClInclude Include="..\..\..\saga_core\saga_api\table_dbase.h">
      <Filter>Include</Filter>
    </ClInclude>
    <ClInclude Include="..\..\..\saga_core\saga_api\table_value.h">
      <Filter>Include</Filter>
    </ClInclude>
    <ClInclude Include="CreateGridSystem.h">
      <Filter>Header Files</Filter>
    </ClInclude>
    <ClInclude Include="Grid_Aggregate.h">
      <Filter>Header Files</Filter>
    </ClInclude>
    <ClInclude Include="Grid_Buffer.h">
      <Filter>Header Files</Filter>
    </ClInclude>
    <ClInclude Include="Grid_Buffer_Proximity.h">
      <Filter>Header Files</Filter>
    </ClInclude>
    <ClInclude Include="Grid_CombineGrids.h">
      <Filter>Header Files</Filter>
    </ClInclude>
    <ClInclude Include="Grid_Completion.h">
      <Filter>Header Files</Filter>
    </ClInclude>
    <ClInclude Include="Grid_ConstantGrid.h">
      <Filter>Header Files</Filter>
    </ClInclude>
    <ClInclude Include="Grid_CropToData.h">
      <Filter>Header Files</Filter>
    </ClInclude>
    <ClInclude Include="Grid_Cut.h">
      <Filter>Header Files</Filter>
    </ClInclude>
    <ClInclude Include="Grid_Fill.h">
      <Filter>Header Files</Filter>
    </ClInclude>
    <ClInclude Include="Grid_Gaps.h">
      <Filter>Header Files</Filter>
    </ClInclude>
    <ClInclude Include="Grid_Gaps_OneCell.h">
      <Filter>Header Files</Filter>
    </ClInclude>
    <ClInclude Include="Grid_Gaps_Spline_Fill.h">
      <Filter>Header Files</Filter>
    </ClInclude>
    <ClInclude Include="Grid_InvertNoData.h">
      <Filter>Header Files</Filter>
    </ClInclude>
    <ClInclude Include="Grid_Mask.h">
      <Filter>Header Files</Filter>
    </ClInclude>
    <ClInclude Include="Grid_Merge.h">
      <Filter>Header Files</Filter>
    </ClInclude>
    <ClInclude Include="Grid_Orientation.h">
      <Filter>Header Files</Filter>
    </ClInclude>
    <ClInclude Include="Grid_Proximity.h">
      <Filter>Header Files</Filter>
    </ClInclude>
    <ClInclude Include="Grid_Resample.h">
      <Filter>Header Files</Filter>
    </ClInclude>
    <ClInclude Include="Grid_SortRaster.h">
      <Filter>Header Files</Filter>
    </ClInclude>
    <ClInclude Include="Grid_ThresholdBuffer.h">
      <Filter>Header Files</Filter>
    </ClInclude>
    <ClInclude Include="Grid_Tiling.h">
      <Filter>Header Files</Filter>
    </ClInclude>
    <ClInclude Include="Grid_Value_Reclassify.h">
      <Filter>Header Files</Filter>
    </ClInclude>
    <ClInclude Include="Grid_Value_Replace.h">
      <Filter>Header Files</Filter>
    </ClInclude>
    <ClInclude Include="Grid_Value_Replace_Interactive.h">
      <Filter>Header Files</Filter>
    </ClInclude>
    <ClInclude Include="Grid_Value_Request.h">
      <Filter>Header Files</Filter>
    </ClInclude>
    <ClInclude Include="Grid_Value_Type.h">
      <Filter>Header Files</Filter>
    </ClInclude>
    <ClInclude Include="GridsFromTableAndGrid.h">
      <Filter>Header Files</Filter>
    </ClInclude>
    <ClInclude Include="Pt.h">
      <Filter>Header Files</Filter>
    </ClInclude>
    <ClInclude Include="Grid_Shrink_Expand.h">
      <Filter>Header Files</Filter>
    </ClInclude>
    <ClInclude Include="Grid_Gaps_Resampling.h">
      <Filter>Header Files</Filter>
    </ClInclude>
  </ItemGroup>
</Project>