
Microsoft Visual Studio Solution File, Format Version 10.00
# Visual C++ Express 2008
Project("{8BC9CEB8-8B4A-11D0-8D11-00A0C91BC942}") = "vigra", "vigra.vcproj", "{2B65A17B-79A6-4FCE-99BA-D313185EDECA}"
EndProject
Global
	GlobalSection(SolutionConfigurationPlatforms) = preSolution
		Debug|Win32 = Debug|Win32
		Release|Win32 = Release|Win32
		Unicode Debug|Win32 = Unicode Debug|Win32
		Unicode Release|Win32 = Unicode Release|Win32
	EndGlobalSection
	GlobalSection(ProjectConfigurationPlatforms) = postSolution
		{2B65A17B-79A6-4FCE-99BA-D313185EDECA}.Debug|Win32.ActiveCfg = Debug|Win32
		{2B65A17B-79A6-4FCE-99BA-D313185EDECA}.Debug|Win32.Build.0 = Debug|Win32
		{2B65A17B-79A6-4FCE-99BA-D313185EDECA}.Release|Win32.ActiveCfg = Release|Win32
		{2B65A17B-79A6-4FCE-99BA-D313185EDECA}.Release|Win32.Build.0 = Release|Win32
		{2B65A17B-79A6-4FCE-99BA-D313185EDECA}.Unicode Debug|Win32.ActiveCfg = Unicode Debug|Win32
		{2B65A17B-79A6-4FCE-99BA-D313185EDECA}.Unicode Debug|Win32.Build.0 = Unicode Debug|Win32
		{2B65A17B-79A6-4FCE-99BA-D313185EDECA}.Unicode Release|Win32.ActiveCfg = Unicode Release|Win32
		{2B65A17B-79A6-4FCE-99BA-D313185EDECA}.Unicode Release|Win32.Build.0 = Unicode Release|Win32
	EndGlobalSection
	GlobalSection(SolutionProperties) = preSolution
		HideSolutionNode = FALSE
	EndGlobalSection
EndGlobal
