<?xml version="1.0" encoding="utf-8"?>
<Project ToolsVersion="4.0" xmlns="http://schemas.microsoft.com/developer/msbuild/2003">
  <ItemGroup>
    <Filter Include="Source Files">
      <UniqueIdentifier>{e4ea9e42-2323-4e49-a2df-fd91ac43abac}</UniqueIdentifier>
      <Extensions>cpp;c;cxx;rc;def;r;odl;idl;hpj;bat</Extensions>
    </Filter>
    <Filter Include="Header Files">
      <UniqueIdentifier>{0ffd3aba-1f98-45dc-bba6-d5a30c89d591}</UniqueIdentifier>
      <Extensions>h;hpp;hxx;hm;inl</Extensions>
    </Filter>
    <Filter Include="Include">
      <UniqueIdentifier>{23a72118-c13b-4fb0-ad55-5ad5ddd772ea}</UniqueIdentifier>
    </Filter>
  </ItemGroup>
  <ItemGroup>
    <ClCompile Include="MLB_Interface.cpp">
      <Filter>Source Files</Filter>
    </ClCompile>
    <ClCompile Include="line_polygon_intersection.cpp">
      <Filter>Source Files</Filter>
    </ClCompile>
    <ClCompile Include="line_properties.cpp">
      <Filter>Source Files</Filter>
    </ClCompile>
    <ClCompile Include="Lines_From_Points.cpp">
      <Filter>Source Files</Filter>
    </ClCompile>
    <ClCompile Include="Lines_From_Polygons.cpp">
      <Filter>Source Files</Filter>
    </ClCompile>
    <ClCompile Include="line_simplification.cpp">
      <Filter>Source Files</Filter>
    </ClCompile>
    <ClCompile Include="line_dissolve.cpp">
      <Filter>Source Files</Filter>
    </ClCompile>
    <ClCompile Include="line_split_with_lines.cpp">
      <Filter>Source Files</Filter>
    </ClCompile>
    <ClCompile Include="line_smoothing.cpp">
      <Filter>Source Files</Filter>
    </ClCompile>
    <ClCompile Include="line_crossings.cpp">
      <Filter>Source Files</Filter>
    </ClCompile>
    <ClCompile Include="extract_closed_lines.cpp">
      <Filter>Source Files</Filter>
    </ClCompile>
    <ClCompile Include="cut_lines.cpp">
      <Filter>Source Files</Filter>
    </ClCompile>
  </ItemGroup>
  <ItemGroup>
    <ClInclude Include="MLB_Interface.h">
      <Filter>Header Files</Filter>
    </ClInclude>
    <ClInclude Include="..\..\..\saga_core\saga_api\api_core.h">
      <Filter>Include</Filter>
    </ClInclude>
    <ClInclude Include="..\..\..\saga_core\saga_api\dataobject.h">
      <Filter>Include</Filter>
    </ClInclude>
    <ClInclude Include="..\..\..\saga_core\saga_api\geo_tools.h">
      <Filter>Include</Filter>
    </ClInclude>
    <ClInclude Include="..\..\..\saga_core\saga_api\grid.h">
      <Filter>Include</Filter>
    </ClInclude>
    <ClInclude Include="..\..\..\saga_core\saga_api\mat_tools.h">
      <Filter>Include</Filter>
    </ClInclude>
    <ClInclude Include="..\..\..\saga_core\saga_api\tool.h">
      <Filter>Include</Filter>
    </ClInclude>
    <ClInclude Include="..\..\..\saga_core\saga_api\parameters.h">
      <Filter>Include</Filter>
    </ClInclude>
    <ClInclude Include="..\..\..\saga_core\saga_api\saga_api.h">
      <Filter>Include</Filter>
    </ClInclude>
    <ClInclude Include="..\..\..\saga_core\saga_api\shapes.h">
      <Filter>Include</Filter>
    </ClInclude>
    <ClInclude Include="..\..\..\saga_core\saga_api\table.h">
      <Filter>Include</Filter>
    </ClInclude>
    <ClInclude Include="..\..\..\saga_core\saga_api\tin.h">
      <Filter>Include</Filter>
    </ClInclude>
    <ClInclude Include="..\..\..\saga_core\saga_api\grid_pyramid.h">
      <Filter>Include</Filter>
    </ClInclude>
    <ClInclude Include="..\..\..\saga_core\saga_api\metadata.h">
      <Filter>Include</Filter>
    </ClInclude>
    <ClInclude Include="..\..\..\saga_core\saga_api\tool_library.h">
      <Filter>Include</Filter>
    </ClInclude>
    <ClInclude Include="..\..\..\saga_core\saga_api\pointcloud.h">
      <Filter>Include</Filter>
    </ClInclude>
    <ClInclude Include="..\..\..\saga_core\saga_api\table_dbase.h">
      <Filter>Include</Filter>
    </ClInclude>
    <ClInclude Include="..\..\..\saga_core\saga_api\table_value.h">
      <Filter>Include</Filter>
    </ClInclude>
    <ClInclude Include="line_polygon_intersection.h">
      <Filter>Header Files</Filter>
    </ClInclude>
    <ClInclude Include="line_properties.h">
      <Filter>Header Files</Filter>
    </ClInclude>
    <ClInclude Include="Lines_From_Points.h">
      <Filter>Header Files</Filter>
    </ClInclude>
    <ClInclude Include="Lines_From_Polygons.h">
      <Filter>Header Files</Filter>
    </ClInclude>
    <ClInclude Include="line_simplification.h">
      <Filter>Header Files</Filter>
    </ClInclude>
    <ClInclude Include="line_dissolve.h">
      <Filter>Header Files</Filter>
    </ClInclude>
    <ClInclude Include="line_split_with_lines.h">
      <Filter>Header Files</Filter>
    </ClInclude>
    <ClInclude Include="line_smoothing.h">
      <Filter>Header Files</Filter>
    </ClInclude>
    <ClInclude Include="line_crossings.h">
      <Filter>Header Files</Filter>
    </ClInclude>
    <ClInclude Include="extract_closed_lines.h">
      <Filter>Header Files</Filter>
    </ClInclude>
    <ClInclude Include="cut_lines.h">
      <Filter>Header Files</Filter>
    </ClInclude>
  </ItemGroup>
</Project>