<?xml version="1.0" encoding="utf-8"?>
<Project ToolsVersion="4.0" xmlns="http://schemas.microsoft.com/developer/msbuild/2003">
  <ItemGroup>
    <Filter Include="Source Files">
      <UniqueIdentifier>{e4ea9e42-2323-4e49-a2df-fd91ac43abac}</UniqueIdentifier>
      <Extensions>cpp;c;cxx;rc;def;r;odl;idl;hpj;bat</Extensions>
    </Filter>
    <Filter Include="Header Files">
      <UniqueIdentifier>{0ffd3aba-1f98-45dc-bba6-d5a30c89d591}</UniqueIdentifier>
      <Extensions>h;hpp;hxx;hm;inl</Extensions>
    </Filter>
    <Filter Include="Include">
      <UniqueIdentifier>{23a72118-c13b-4fb0-ad55-5ad5ddd772ea}</UniqueIdentifier>
    </Filter>
  </ItemGroup>
  <ItemGroup>
    <ClCompile Include="MLB_Interface.cpp">
      <Filter>Source Files</Filter>
    </ClCompile>
    <ClCompile Include="arctoolbox.cpp">
      <Filter>Source Files</Filter>
    </ClCompile>
    <ClCompile Include="tl_extract.cpp">
      <Filter>Source Files</Filter>
    </ClCompile>
    <ClCompile Include="tl_merge.cpp">
      <Filter>Source Files</Filter>
    </ClCompile>
    <ClCompile Include="tl_union.cpp">
      <Filter>Source Files</Filter>
    </ClCompile>
    <ClCompile Include="tool_counter.cpp">
      <Filter>Source Files</Filter>
    </ClCompile>
    <ClCompile Include="tool_py_updater.cpp">
      <Filter>Source Files</Filter>
    </ClCompile>
  </ItemGroup>
  <ItemGroup>
    <ClInclude Include="arctoolbox.h">
      <Filter>Header Files</Filter>
    </ClInclude>
    <ClInclude Include="tl_extract.h">
      <Filter>Header Files</Filter>
    </ClInclude>
    <ClInclude Include="tl_merge.h">
      <Filter>Header Files</Filter>
    </ClInclude>
    <ClInclude Include="tl_union.h">
      <Filter>Header Files</Filter>
    </ClInclude>
    <ClInclude Include="tool_counter.h">
      <Filter>Header Files</Filter>
    </ClInclude>
    <ClInclude Include="tool_py_updater.h">
      <Filter>Header Files</Filter>
    </ClInclude>
  </ItemGroup>
</Project>