<?xml version="1.0" encoding="utf-8"?>
<Project ToolsVersion="4.0" xmlns="http://schemas.microsoft.com/developer/msbuild/2003">
  <ItemGroup>
    <Filter Include="Source Files">
      <UniqueIdentifier>{e4ea9e42-2323-4e49-a2df-fd91ac43abac}</UniqueIdentifier>
      <Extensions>cpp;c;cxx;rc;def;r;odl;idl;hpj;bat</Extensions>
    </Filter>
    <Filter Include="Header Files">
      <UniqueIdentifier>{0ffd3aba-1f98-45dc-bba6-d5a30c89d591}</UniqueIdentifier>
      <Extensions>h;hpp;hxx;hm;inl</Extensions>
    </Filter>
    <Filter Include="Include">
      <UniqueIdentifier>{23a72118-c13b-4fb0-ad55-5ad5ddd772ea}</UniqueIdentifier>
    </Filter>
  </ItemGroup>
  <ItemGroup>
    <ClCompile Include="MLB_Interface.cpp">
      <Filter>Source Files</Filter>
    </ClCompile>
    <ClCompile Include="Interpolation.cpp">
      <Filter>Source Files</Filter>
    </ClCompile>
    <ClCompile Include="Interpolation_InverseDistance.cpp">
      <Filter>Source Files</Filter>
    </ClCompile>
    <ClCompile Include="Interpolation_NaturalNeighbour.cpp">
      <Filter>Source Files</Filter>
    </ClCompile>
    <ClCompile Include="Interpolation_NearestNeighbour.cpp">
      <Filter>Source Files</Filter>
    </ClCompile>
    <ClCompile Include="Interpolation_Shepard.cpp">
      <Filter>Source Files</Filter>
    </ClCompile>
    <ClCompile Include="Interpolation_Triangulation.cpp">
      <Filter>Source Files</Filter>
    </ClCompile>
    <ClCompile Include="Shapes2Grid.cpp">
      <Filter>Source Files</Filter>
    </ClCompile>
    <ClCompile Include="Shepard.cpp">
      <Filter>Source Files</Filter>
    </ClCompile>
    <ClCompile Include="nn\delaunay.c">
      <Filter>Source Files</Filter>
    </ClCompile>
    <ClCompile Include="nn\hash.c">
      <Filter>Source Files</Filter>
    </ClCompile>
    <ClCompile Include="nn\istack.c">
      <Filter>Source Files</Filter>
    </ClCompile>
    <ClCompile Include="nn\lpi.c">
      <Filter>Source Files</Filter>
    </ClCompile>
    <ClCompile Include="nn\nnai.c">
      <Filter>Source Files</Filter>
    </ClCompile>
    <ClCompile Include="nn\nncommon.c">
      <Filter>Source Files</Filter>
    </ClCompile>
    <ClCompile Include="nn\nnpi.c">
      <Filter>Source Files</Filter>
    </ClCompile>
    <ClCompile Include="nn\triangle.c">
      <Filter>Source Files</Filter>
    </ClCompile>
  </ItemGroup>
  <ItemGroup>
    <ClInclude Include="MLB_Interface.h">
      <Filter>Header Files</Filter>
    </ClInclude>
    <ClInclude Include="..\..\..\saga_core\saga_api\api_core.h">
      <Filter>Include</Filter>
    </ClInclude>
    <ClInclude Include="..\..\..\saga_core\saga_api\dataobject.h">
      <Filter>Include</Filter>
    </ClInclude>
    <ClInclude Include="..\..\..\saga_core\saga_api\geo_tools.h">
      <Filter>Include</Filter>
    </ClInclude>
    <ClInclude Include="..\..\..\saga_core\saga_api\grid.h">
      <Filter>Include</Filter>
    </ClInclude>
    <ClInclude Include="..\..\..\saga_core\saga_api\mat_tools.h">
      <Filter>Include</Filter>
    </ClInclude>
    <ClInclude Include="..\..\..\saga_core\saga_api\module.h">
      <Filter>Include</Filter>
    </ClInclude>
    <ClInclude Include="..\..\..\saga_core\saga_api\parameters.h">
      <Filter>Include</Filter>
    </ClInclude>
    <ClInclude Include="..\..\..\saga_core\saga_api\saga_api.h">
      <Filter>Include</Filter>
    </ClInclude>
    <ClInclude Include="..\..\..\saga_core\saga_api\shapes.h">
      <Filter>Include</Filter>
    </ClInclude>
    <ClInclude Include="..\..\..\saga_core\saga_api\table.h">
      <Filter>Include</Filter>
    </ClInclude>
    <ClInclude Include="..\..\..\saga_core\saga_api\tin.h">
      <Filter>Include</Filter>
    </ClInclude>
    <ClInclude Include="..\..\..\saga_core\saga_api\grid_pyramid.h">
      <Filter>Include</Filter>
    </ClInclude>
    <ClInclude Include="..\..\..\saga_core\saga_api\metadata.h">
      <Filter>Include</Filter>
    </ClInclude>
    <ClInclude Include="..\..\..\saga_core\saga_api\module_library.h">
      <Filter>Include</Filter>
    </ClInclude>
    <ClInclude Include="..\..\..\saga_core\saga_api\pointcloud.h">
      <Filter>Include</Filter>
    </ClInclude>
    <ClInclude Include="..\..\..\saga_core\saga_api\table_dbase.h">
      <Filter>Include</Filter>
    </ClInclude>
    <ClInclude Include="..\..\..\saga_core\saga_api\table_value.h">
      <Filter>Include</Filter>
    </ClInclude>
    <ClInclude Include="Interpolation.h">
      <Filter>Header Files</Filter>
    </ClInclude>
    <ClInclude Include="Interpolation_InverseDistance.h">
      <Filter>Header Files</Filter>
    </ClInclude>
    <ClInclude Include="Interpolation_NaturalNeighbour.h">
      <Filter>Header Files</Filter>
    </ClInclude>
    <ClInclude Include="Interpolation_NearestNeighbour.h">
      <Filter>Header Files</Filter>
    </ClInclude>
    <ClInclude Include="Interpolation_Shepard.h">
      <Filter>Header Files</Filter>
    </ClInclude>
    <ClInclude Include="Interpolation_Triangulation.h">
      <Filter>Header Files</Filter>
    </ClInclude>
    <ClInclude Include="Shapes2Grid.h">
      <Filter>Header Files</Filter>
    </ClInclude>
    <ClInclude Include="Shepard.h">
      <Filter>Header Files</Filter>
    </ClInclude>
    <ClInclude Include="nn\delaunay.h">
      <Filter>Header Files</Filter>
    </ClInclude>
    <ClInclude Include="nn\hash.h">
      <Filter>Header Files</Filter>
    </ClInclude>
    <ClInclude Include="nn\istack.h">
      <Filter>Header Files</Filter>
    </ClInclude>
    <ClInclude Include="nn\nan.h">
      <Filter>Header Files</Filter>
    </ClInclude>
    <ClInclude Include="nn\nn.h">
      <Filter>Header Files</Filter>
    </ClInclude>
    <ClInclude Include="nn\triangle.h">
      <Filter>Header Files</Filter>
    </ClInclude>
    <ClInclude Include="nn\version.h">
      <Filter>Header Files</Filter>
    </ClInclude>
  </ItemGroup>
</Project>