<?xml version="1.0" encoding="utf-8"?>
<Project ToolsVersion="4.0" xmlns="http://schemas.microsoft.com/developer/msbuild/2003">
  <ItemGroup>
    <Filter Include="Source Files">
      <UniqueIdentifier>{e4ea9e42-2323-4e49-a2df-fd91ac43abac}</UniqueIdentifier>
      <Extensions>cpp;c;cxx;rc;def;r;odl;idl;hpj;bat</Extensions>
    </Filter>
    <Filter Include="Header Files">
      <UniqueIdentifier>{0ffd3aba-1f98-45dc-bba6-d5a30c89d591}</UniqueIdentifier>
      <Extensions>h;hpp;hxx;hm;inl</Extensions>
    </Filter>
    <Filter Include="Include">
      <UniqueIdentifier>{23a72118-c13b-4fb0-ad55-5ad5ddd772ea}</UniqueIdentifier>
    </Filter>
  </ItemGroup>
  <ItemGroup>
    <ClCompile Include="MLB_Interface.cpp">
      <Filter>Source Files</Filter>
    </ClCompile>
    <ClCompile Include="Polygon_Centroids.cpp">
      <Filter>Source Files</Filter>
    </ClCompile>
    <ClCompile Include="Polygon_Geometrics.cpp">
      <Filter>Source Files</Filter>
    </ClCompile>
    <ClCompile Include="Polygon_Intersection.cpp">
      <Filter>Source Files</Filter>
    </ClCompile>
    <ClCompile Include="Polygon_StatisticsFromPoints.cpp">
      <Filter>Source Files</Filter>
    </ClCompile>
    <ClCompile Include="polygon_to_points.cpp">
      <Filter>Source Files</Filter>
    </ClCompile>
    <ClCompile Include="Polygon_Union.cpp">
      <Filter>Source Files</Filter>
    </ClCompile>
    <ClCompile Include="Polygons_From_Lines.cpp">
      <Filter>Source Files</Filter>
    </ClCompile>
    <ClCompile Include="shape_index.cpp">
      <Filter>Source Files</Filter>
    </ClCompile>
    <ClCompile Include="polygon_line_intersection.cpp">
      <Filter>Source Files</Filter>
    </ClCompile>
    <ClCompile Include="polygon_to_edges_nodes.cpp">
      <Filter>Source Files</Filter>
    </ClCompile>
    <ClCompile Include="polygon_split_parts.cpp">
      <Filter>Source Files</Filter>
    </ClCompile>
    <ClCompile Include="Polygon_Clip.cpp">
      <Filter>Source Files</Filter>
    </ClCompile>
    <ClCompile Include="Polygon_SelfIntersection.cpp">
      <Filter>Source Files</Filter>
    </ClCompile>
    <ClCompile Include="add_point_attributes.cpp">
      <Filter>Source Files</Filter>
    </ClCompile>
    <ClCompile Include="polygon_flatten.cpp">
      <Filter>Source Files</Filter>
    </ClCompile>
  </ItemGroup>
  <ItemGroup>
    <ClInclude Include="MLB_Interface.h">
      <Filter>Header Files</Filter>
    </ClInclude>
    <ClInclude Include="..\..\..\saga_core\saga_api\api_core.h">
      <Filter>Include</Filter>
    </ClInclude>
    <ClInclude Include="..\..\..\saga_core\saga_api\dataobject.h">
      <Filter>Include</Filter>
    </ClInclude>
    <ClInclude Include="..\..\..\saga_core\saga_api\geo_tools.h">
      <Filter>Include</Filter>
    </ClInclude>
    <ClInclude Include="..\..\..\saga_core\saga_api\grid.h">
      <Filter>Include</Filter>
    </ClInclude>
    <ClInclude Include="..\..\..\saga_core\saga_api\mat_tools.h">
      <Filter>Include</Filter>
    </ClInclude>
    <ClInclude Include="..\..\..\saga_core\saga_api\module.h">
      <Filter>Include</Filter>
    </ClInclude>
    <ClInclude Include="..\..\..\saga_core\saga_api\parameters.h">
      <Filter>Include</Filter>
    </ClInclude>
    <ClInclude Include="..\..\..\saga_core\saga_api\saga_api.h">
      <Filter>Include</Filter>
    </ClInclude>
    <ClInclude Include="..\..\..\saga_core\saga_api\shapes.h">
      <Filter>Include</Filter>
    </ClInclude>
    <ClInclude Include="..\..\..\saga_core\saga_api\table.h">
      <Filter>Include</Filter>
    </ClInclude>
    <ClInclude Include="..\..\..\saga_core\saga_api\tin.h">
      <Filter>Include</Filter>
    </ClInclude>
    <ClInclude Include="..\..\..\saga_core\saga_api\grid_pyramid.h">
      <Filter>Include</Filter>
    </ClInclude>
    <ClInclude Include="..\..\..\saga_core\saga_api\metadata.h">
      <Filter>Include</Filter>
    </ClInclude>
    <ClInclude Include="..\..\..\saga_core\saga_api\module_library.h">
      <Filter>Include</Filter>
    </ClInclude>
    <ClInclude Include="..\..\..\saga_core\saga_api\pointcloud.h">
      <Filter>Include</Filter>
    </ClInclude>
    <ClInclude Include="..\..\..\saga_core\saga_api\table_dbase.h">
      <Filter>Include</Filter>
    </ClInclude>
    <ClInclude Include="..\..\..\saga_core\saga_api\table_value.h">
      <Filter>Include</Filter>
    </ClInclude>
    <ClInclude Include="Polygon_Centroids.h">
      <Filter>Header Files</Filter>
    </ClInclude>
    <ClInclude Include="Polygon_Geometrics.h">
      <Filter>Header Files</Filter>
    </ClInclude>
    <ClInclude Include="Polygon_Intersection.h">
      <Filter>Header Files</Filter>
    </ClInclude>
    <ClInclude Include="Polygon_StatisticsFromPoints.h">
      <Filter>Header Files</Filter>
    </ClInclude>
    <ClInclude Include="polygon_to_points.h">
      <Filter>Header Files</Filter>
    </ClInclude>
    <ClInclude Include="Polygon_Union.h">
      <Filter>Header Files</Filter>
    </ClInclude>
    <ClInclude Include="Polygons_From_Lines.h">
      <Filter>Header Files</Filter>
    </ClInclude>
    <ClInclude Include="shape_index.h">
      <Filter>Header Files</Filter>
    </ClInclude>
    <ClInclude Include="polygon_line_intersection.h">
      <Filter>Header Files</Filter>
    </ClInclude>
    <ClInclude Include="polygon_to_edges_nodes.h">
      <Filter>Header Files</Filter>
    </ClInclude>
    <ClInclude Include="polygon_split_parts.h">
      <Filter>Header Files</Filter>
    </ClInclude>
    <ClInclude Include="Polygon_Clip.h">
      <Filter>Header Files</Filter>
    </ClInclude>
    <ClInclude Include="Polygon_SelfIntersection.h">
      <Filter>Header Files</Filter>
    </ClInclude>
    <ClInclude Include="add_point_attributes.h">
      <Filter>Header Files</Filter>
    </ClInclude>
    <ClInclude Include="polygon_flatten.h">
      <Filter>Header Files</Filter>
    </ClInclude>
  </ItemGroup>
</Project>