<?xml version="1.0" encoding="utf-8"?>
<Project ToolsVersion="4.0" xmlns="http://schemas.microsoft.com/developer/msbuild/2003">
  <ItemGroup>
    <Filter Include="Source Files">
      <UniqueIdentifier>{e4ea9e42-2323-4e49-a2df-fd91ac43abac}</UniqueIdentifier>
      <Extensions>cpp;c;cxx;rc;def;r;odl;idl;hpj;bat</Extensions>
    </Filter>
    <Filter Include="Header Files">
      <UniqueIdentifier>{0ffd3aba-1f98-45dc-bba6-d5a30c89d591}</UniqueIdentifier>
      <Extensions>h;hpp;hxx;hm;inl</Extensions>
    </Filter>
    <Filter Include="Include">
      <UniqueIdentifier>{23a72118-c13b-4fb0-ad55-5ad5ddd772ea}</UniqueIdentifier>
    </Filter>
  </ItemGroup>
  <ItemGroup>
    <ClCompile Include="MLB_Interface.cpp">
      <Filter>Source Files</Filter>
    </ClCompile>
    <ClCompile Include="ausdruck.cpp">
      <Filter>Source Files</Filter>
    </ClCompile>
    <ClCompile Include="auswert_anweisung.cpp">
      <Filter>Source Files</Filter>
    </ClCompile>
    <ClCompile Include="auswert_foreach.cpp">
      <Filter>Source Files</Filter>
    </ClCompile>
    <ClCompile Include="auswert_if.cpp">
      <Filter>Source Files</Filter>
    </ClCompile>
    <ClCompile Include="auswert_zuweisung.cpp">
      <Filter>Source Files</Filter>
    </ClCompile>
    <ClCompile Include="basistypen.cpp">
      <Filter>Source Files</Filter>
    </ClCompile>
    <ClCompile Include="bedingung.cpp">
      <Filter>Source Files</Filter>
    </ClCompile>
    <ClCompile Include="bsl_interpreter.cpp">
      <Filter>Source Files</Filter>
    </ClCompile>
    <ClCompile Include="diverses.cpp">
      <Filter>Source Files</Filter>
    </ClCompile>
    <ClCompile Include="foreach.cpp">
      <Filter>Source Files</Filter>
    </ClCompile>
    <ClCompile Include="funktion.cpp">
      <Filter>Source Files</Filter>
    </ClCompile>
    <ClCompile Include="grid_bsl.cpp">
      <Filter>Source Files</Filter>
    </ClCompile>
    <ClCompile Include="interpolation.cpp">
      <Filter>Source Files</Filter>
    </ClCompile>
    <ClCompile Include="pars_all.cpp">
      <Filter>Source Files</Filter>
    </ClCompile>
    <ClCompile Include="vector.cpp">
      <Filter>Source Files</Filter>
    </ClCompile>
    <ClCompile Include="zuweisung.cpp">
      <Filter>Source Files</Filter>
    </ClCompile>
  </ItemGroup>
  <ItemGroup>
    <ClInclude Include="MLB_Interface.h">
      <Filter>Header Files</Filter>
    </ClInclude>
    <ClInclude Include="..\..\..\saga_core\saga_api\api_core.h">
      <Filter>Include</Filter>
    </ClInclude>
    <ClInclude Include="..\..\..\saga_core\saga_api\dataobject.h">
      <Filter>Include</Filter>
    </ClInclude>
    <ClInclude Include="..\..\..\saga_core\saga_api\geo_tools.h">
      <Filter>Include</Filter>
    </ClInclude>
    <ClInclude Include="..\..\..\saga_core\saga_api\grid.h">
      <Filter>Include</Filter>
    </ClInclude>
    <ClInclude Include="..\..\..\saga_core\saga_api\mat_tools.h">
      <Filter>Include</Filter>
    </ClInclude>
    <ClInclude Include="..\..\..\saga_core\saga_api\module.h">
      <Filter>Include</Filter>
    </ClInclude>
    <ClInclude Include="..\..\..\saga_core\saga_api\parameters.h">
      <Filter>Include</Filter>
    </ClInclude>
    <ClInclude Include="..\..\..\saga_core\saga_api\saga_api.h">
      <Filter>Include</Filter>
    </ClInclude>
    <ClInclude Include="..\..\..\saga_core\saga_api\shapes.h">
      <Filter>Include</Filter>
    </ClInclude>
    <ClInclude Include="..\..\..\saga_core\saga_api\table.h">
      <Filter>Include</Filter>
    </ClInclude>
    <ClInclude Include="..\..\..\saga_core\saga_api\tin.h">
      <Filter>Include</Filter>
    </ClInclude>
    <ClInclude Include="..\..\..\saga_core\saga_api\grid_pyramid.h">
      <Filter>Include</Filter>
    </ClInclude>
    <ClInclude Include="..\..\..\saga_core\saga_api\metadata.h">
      <Filter>Include</Filter>
    </ClInclude>
    <ClInclude Include="..\..\..\saga_core\saga_api\module_library.h">
      <Filter>Include</Filter>
    </ClInclude>
    <ClInclude Include="..\..\..\saga_core\saga_api\pointcloud.h">
      <Filter>Include</Filter>
    </ClInclude>
    <ClInclude Include="..\..\..\saga_core\saga_api\table_dbase.h">
      <Filter>Include</Filter>
    </ClInclude>
    <ClInclude Include="..\..\..\saga_core\saga_api\table_value.h">
      <Filter>Include</Filter>
    </ClInclude>
    <ClInclude Include="ausdruck.h">
      <Filter>Header Files</Filter>
    </ClInclude>
    <ClInclude Include="auswert_anweisung.h">
      <Filter>Header Files</Filter>
    </ClInclude>
    <ClInclude Include="auswert_foreach.h">
      <Filter>Header Files</Filter>
    </ClInclude>
    <ClInclude Include="auswert_if.h">
      <Filter>Header Files</Filter>
    </ClInclude>
    <ClInclude Include="auswert_zuweisung.h">
      <Filter>Header Files</Filter>
    </ClInclude>
    <ClInclude Include="basistypen.h">
      <Filter>Header Files</Filter>
    </ClInclude>
    <ClInclude Include="bedingung.h">
      <Filter>Header Files</Filter>
    </ClInclude>
    <ClInclude Include="bsl_interpreter.h">
      <Filter>Header Files</Filter>
    </ClInclude>
    <ClInclude Include="diverses.h">
      <Filter>Header Files</Filter>
    </ClInclude>
    <ClInclude Include="foreach.h">
      <Filter>Header Files</Filter>
    </ClInclude>
    <ClInclude Include="funktion.h">
      <Filter>Header Files</Filter>
    </ClInclude>
    <ClInclude Include="funktion_numerisch.h">
      <Filter>Header Files</Filter>
    </ClInclude>
    <ClInclude Include="funktion_statistisch.h">
      <Filter>Header Files</Filter>
    </ClInclude>
    <ClInclude Include="gr_def.h">
      <Filter>Header Files</Filter>
    </ClInclude>
    <ClInclude Include="gr_syst.h">
      <Filter>Header Files</Filter>
    </ClInclude>
    <ClInclude Include="grid_bsl.h">
      <Filter>Header Files</Filter>
    </ClInclude>
    <ClInclude Include="interpolation.h">
      <Filter>Header Files</Filter>
    </ClInclude>
    <ClInclude Include="pars_all.h">
      <Filter>Header Files</Filter>
    </ClInclude>
    <ClInclude Include="vector.h">
      <Filter>Header Files</Filter>
    </ClInclude>
    <ClInclude Include="zuweisung.h">
      <Filter>Header Files</Filter>
    </ClInclude>
  </ItemGroup>
</Project>